// !$*UTF8*$!
{
	archiveVersion = 1;
	classes = {
	};
	objectVersion = 48;
	objects = {

/* Begin PBXBuildFile section */
		186A2336202BE8F700CDC63D /* HDPullDownView.m in Sources */ = {isa = PBXBuildFile; fileRef = 186A2335202BE8F700CDC63D /* HDPullDownView.m */; };
		186A2347202BEDB200CDC63D /* HDDefault.m in Sources */ = {isa = PBXBuildFile; fileRef = 186A2338202BEDB200CDC63D /* HDDefault.m */; };
		186A2348202BEDB200CDC63D /* UIColor+RGB.m in Sources */ = {isa = PBXBuildFile; fileRef = 186A233D202BEDB200CDC63D /* UIColor+RGB.m */; };
		186A2349202BEDB200CDC63D /* UIColor+RGB解释.pages in Resources */ = {isa = PBXBuildFile; fileRef = 186A233E202BEDB200CDC63D /* UIColor+RGB解释.pages */; };
		186A234A202BEDB200CDC63D /* font.pages in Resources */ = {isa = PBXBuildFile; fileRef = 186A2340202BEDB200CDC63D /* font.pages */; };
		186A234B202BEDB200CDC63D /* UIFont+PxToSize.m in Sources */ = {isa = PBXBuildFile; fileRef = 186A2342202BEDB200CDC63D /* UIFont+PxToSize.m */; };
		186A234C202BEDB200CDC63D /* frame.pages in Resources */ = {isa = PBXBuildFile; fileRef = 186A2344202BEDB200CDC63D /* frame.pages */; };
		186A234D202BEDB200CDC63D /* UIView+FRAME_SET.m in Sources */ = {isa = PBXBuildFile; fileRef = 186A2346202BEDB200CDC63D /* UIView+FRAME_SET.m */; };
		186A2350202BF6A600CDC63D /* PullViewController.m in Sources */ = {isa = PBXBuildFile; fileRef = 186A234F202BF6A600CDC63D /* PullViewController.m */; };
		F1A0953B204104E50008384F /* HDConllectionView.m in Sources */ = {isa = PBXBuildFile; fileRef = F1A0953A204104E50008384F /* HDConllectionView.m */; };
		F1A0953E204106EF0008384F /* THOrderViewController.m in Sources */ = {isa = PBXBuildFile; fileRef = F1A0953D204106EF0008384F /* THOrderViewController.m */; };
		F1A0954420410AD90008384F /* HDCollectionViewCell.m in Sources */ = {isa = PBXBuildFile; fileRef = F1A0954320410AD90008384F /* HDCollectionViewCell.m */; };
		F1A095472041308B0008384F /* HDCollectionReusableView.m in Sources */ = {isa = PBXBuildFile; fileRef = F1A095462041308B0008384F /* HDCollectionReusableView.m */; };
		F1A0954A204149060008384F /* HDClickButton.m in Sources */ = {isa = PBXBuildFile; fileRef = F1A09549204149060008384F /* HDClickButton.m */; };
		F1A0954D20414B360008384F /* THOrderModel.m in Sources */ = {isa = PBXBuildFile; fileRef = F1A0954C20414B360008384F /* THOrderModel.m */; };
		F1A0955220414BBF0008384F /* Model.pages in Resources */ = {isa = PBXBuildFile; fileRef = F1A0954F20414BBF0008384F /* Model.pages */; };
		F1A0955320414BBF0008384F /* HDModel.m in Sources */ = {isa = PBXBuildFile; fileRef = F1A0955120414BBF0008384F /* HDModel.m */; };
		F1A0955720415F660008384F /* THOrderHeaderView.xib in Resources */ = {isa = PBXBuildFile; fileRef = F1A0955620415F660008384F /* THOrderHeaderView.xib */; };
		F1A0955A2041617D0008384F /* HDCollectionViewController1.m in Sources */ = {isa = PBXBuildFile; fileRef = F1A095592041617D0008384F /* HDCollectionViewController1.m */; };
		F1A0955D2041660C0008384F /* THOrderHeaderView.m in Sources */ = {isa = PBXBuildFile; fileRef = F1A0955C2041660C0008384F /* THOrderHeaderView.m */; };
		F1FC13A6202747DF00CA169D /* AppDelegate.m in Sources */ = {isa = PBXBuildFile; fileRef = F1FC13A5202747DF00CA169D /* AppDelegate.m */; };
		F1FC13A9202747DF00CA169D /* ViewController.m in Sources */ = {isa = PBXBuildFile; fileRef = F1FC13A8202747DF00CA169D /* ViewController.m */; };
		F1FC13AC202747DF00CA169D /* Main.storyboard in Resources */ = {isa = PBXBuildFile; fileRef = F1FC13AA202747DF00CA169D /* Main.storyboard */; };
		F1FC13AE202747DF00CA169D /* Assets.xcassets in Resources */ = {isa = PBXBuildFile; fileRef = F1FC13AD202747DF00CA169D /* Assets.xcassets */; };
		F1FC13B1202747DF00CA169D /* LaunchScreen.storyboard in Resources */ = {isa = PBXBuildFile; fileRef = F1FC13AF202747DF00CA169D /* LaunchScreen.storyboard */; };
		F1FC13B4202747DF00CA169D /* main.m in Sources */ = {isa = PBXBuildFile; fileRef = F1FC13B3202747DF00CA169D /* main.m */; };
		F1FC13BE202747E000CA169D /* HDViewsTests.m in Sources */ = {isa = PBXBuildFile; fileRef = F1FC13BD202747E000CA169D /* HDViewsTests.m */; };
		F1FC13C9202747E000CA169D /* HDViewsUITests.m in Sources */ = {isa = PBXBuildFile; fileRef = F1FC13C8202747E000CA169D /* HDViewsUITests.m */; };
		F1FC13DA20274A8A00CA169D /* RequestButtonViewController.m in Sources */ = {isa = PBXBuildFile; fileRef = F1FC13D920274A8A00CA169D /* RequestButtonViewController.m */; };
		F1FC13DD20274AFB00CA169D /* HDRequestButton.m in Sources */ = {isa = PBXBuildFile; fileRef = F1FC13DC20274AFB00CA169D /* HDRequestButton.m */; };
/* End PBXBuildFile section */

/* Begin PBXContainerItemProxy section */
		F1FC13BA202747E000CA169D /* PBXContainerItemProxy */ = {
			isa = PBXContainerItemProxy;
			containerPortal = F1FC1399202747DF00CA169D /* Project object */;
			proxyType = 1;
			remoteGlobalIDString = F1FC13A0202747DF00CA169D;
			remoteInfo = HDViews;
		};
		F1FC13C5202747E000CA169D /* PBXContainerItemProxy */ = {
			isa = PBXContainerItemProxy;
			containerPortal = F1FC1399202747DF00CA169D /* Project object */;
			proxyType = 1;
			remoteGlobalIDString = F1FC13A0202747DF00CA169D;
			remoteInfo = HDViews;
		};
/* End PBXContainerItemProxy section */

/* Begin PBXFileReference section */
		186A2334202BE8F700CDC63D /* HDPullDownView.h */ = {isa = PBXFileReference; lastKnownFileType = sourcecode.c.h; path = HDPullDownView.h; sourceTree = "<group>"; };
		186A2335202BE8F700CDC63D /* HDPullDownView.m */ = {isa = PBXFileReference; lastKnownFileType = sourcecode.c.objc; path = HDPullDownView.m; sourceTree = "<group>"; };
		186A2338202BEDB200CDC63D /* HDDefault.m */ = {isa = PBXFileReference; fileEncoding = 4; lastKnownFileType = sourcecode.c.objc; path = HDDefault.m; sourceTree = "<group>"; };
		186A2339202BEDB200CDC63D /* HDDefault.h */ = {isa = PBXFileReference; fileEncoding = 4; lastKnownFileType = sourcecode.c.h; path = HDDefault.h; sourceTree = "<group>"; };
		186A233C202BEDB200CDC63D /* UIColor+RGB.h */ = {isa = PBXFileReference; fileEncoding = 4; lastKnownFileType = sourcecode.c.h; path = "UIColor+RGB.h"; sourceTree = "<group>"; };
		186A233D202BEDB200CDC63D /* UIColor+RGB.m */ = {isa = PBXFileReference; fileEncoding = 4; lastKnownFileType = sourcecode.c.objc; path = "UIColor+RGB.m"; sourceTree = "<group>"; };
		186A233E202BEDB200CDC63D /* UIColor+RGB解释.pages */ = {isa = PBXFileReference; lastKnownFileType = file; path = "UIColor+RGB解释.pages"; sourceTree = "<group>"; };
		186A2340202BEDB200CDC63D /* font.pages */ = {isa = PBXFileReference; lastKnownFileType = file; path = font.pages; sourceTree = "<group>"; };
		186A2341202BEDB200CDC63D /* UIFont+PxToSize.h */ = {isa = PBXFileReference; fileEncoding = 4; lastKnownFileType = sourcecode.c.h; path = "UIFont+PxToSize.h"; sourceTree = "<group>"; };
		186A2342202BEDB200CDC63D /* UIFont+PxToSize.m */ = {isa = PBXFileReference; fileEncoding = 4; lastKnownFileType = sourcecode.c.objc; path = "UIFont+PxToSize.m"; sourceTree = "<group>"; };
		186A2344202BEDB200CDC63D /* frame.pages */ = {isa = PBXFileReference; lastKnownFileType = file; path = frame.pages; sourceTree = "<group>"; };
		186A2345202BEDB200CDC63D /* UIView+FRAME_SET.h */ = {isa = PBXFileReference; fileEncoding = 4; lastKnownFileType = sourcecode.c.h; path = "UIView+FRAME_SET.h"; sourceTree = "<group>"; };
		186A2346202BEDB200CDC63D /* UIView+FRAME_SET.m */ = {isa = PBXFileReference; fileEncoding = 4; lastKnownFileType = sourcecode.c.objc; path = "UIView+FRAME_SET.m"; sourceTree = "<group>"; };
		186A234E202BF6A600CDC63D /* PullViewController.h */ = {isa = PBXFileReference; lastKnownFileType = sourcecode.c.h; path = PullViewController.h; sourceTree = "<group>"; };
		186A234F202BF6A600CDC63D /* PullViewController.m */ = {isa = PBXFileReference; lastKnownFileType = sourcecode.c.objc; path = PullViewController.m; sourceTree = "<group>"; };
		F1A09539204104E50008384F /* HDConllectionView.h */ = {isa = PBXFileReference; lastKnownFileType = sourcecode.c.h; path = HDConllectionView.h; sourceTree = "<group>"; };
		F1A0953A204104E50008384F /* HDConllectionView.m */ = {isa = PBXFileReference; lastKnownFileType = sourcecode.c.objc; path = HDConllectionView.m; sourceTree = "<group>"; };
		F1A0953C204106EF0008384F /* THOrderViewController.h */ = {isa = PBXFileReference; lastKnownFileType = sourcecode.c.h; path = THOrderViewController.h; sourceTree = "<group>"; };
		F1A0953D204106EF0008384F /* THOrderViewController.m */ = {isa = PBXFileReference; lastKnownFileType = sourcecode.c.objc; path = THOrderViewController.m; sourceTree = "<group>"; };
		F1A0954220410AD90008384F /* HDCollectionViewCell.h */ = {isa = PBXFileReference; lastKnownFileType = sourcecode.c.h; path = HDCollectionViewCell.h; sourceTree = "<group>"; };
		F1A0954320410AD90008384F /* HDCollectionViewCell.m */ = {isa = PBXFileReference; lastKnownFileType = sourcecode.c.objc; path = HDCollectionViewCell.m; sourceTree = "<group>"; };
		F1A095452041308B0008384F /* HDCollectionReusableView.h */ = {isa = PBXFileReference; lastKnownFileType = sourcecode.c.h; path = HDCollectionReusableView.h; sourceTree = "<group>"; };
		F1A095462041308B0008384F /* HDCollectionReusableView.m */ = {isa = PBXFileReference; lastKnownFileType = sourcecode.c.objc; path = HDCollectionReusableView.m; sourceTree = "<group>"; };
		F1A09548204149060008384F /* HDClickButton.h */ = {isa = PBXFileReference; lastKnownFileType = sourcecode.c.h; path = HDClickButton.h; sourceTree = "<group>"; };
		F1A09549204149060008384F /* HDClickButton.m */ = {isa = PBXFileReference; lastKnownFileType = sourcecode.c.objc; path = HDClickButton.m; sourceTree = "<group>"; };
		F1A0954B20414B360008384F /* THOrderModel.h */ = {isa = PBXFileReference; lastKnownFileType = sourcecode.c.h; path = THOrderModel.h; sourceTree = "<group>"; };
		F1A0954C20414B360008384F /* THOrderModel.m */ = {isa = PBXFileReference; lastKnownFileType = sourcecode.c.objc; path = THOrderModel.m; sourceTree = "<group>"; };
		F1A0954F20414BBF0008384F /* Model.pages */ = {isa = PBXFileReference; lastKnownFileType = file; path = Model.pages; sourceTree = "<group>"; };
		F1A0955020414BBF0008384F /* HDModel.h */ = {isa = PBXFileReference; fileEncoding = 4; lastKnownFileType = sourcecode.c.h; path = HDModel.h; sourceTree = "<group>"; };
		F1A0955120414BBF0008384F /* HDModel.m */ = {isa = PBXFileReference; fileEncoding = 4; lastKnownFileType = sourcecode.c.objc; path = HDModel.m; sourceTree = "<group>"; };
		F1A0955620415F660008384F /* THOrderHeaderView.xib */ = {isa = PBXFileReference; lastKnownFileType = file.xib; path = THOrderHeaderView.xib; sourceTree = "<group>"; };
		F1A095582041617D0008384F /* HDCollectionViewController1.h */ = {isa = PBXFileReference; lastKnownFileType = sourcecode.c.h; path = HDCollectionViewController1.h; sourceTree = "<group>"; };
		F1A095592041617D0008384F /* HDCollectionViewController1.m */ = {isa = PBXFileReference; lastKnownFileType = sourcecode.c.objc; path = HDCollectionViewController1.m; sourceTree = "<group>"; };
		F1A0955B2041660C0008384F /* THOrderHeaderView.h */ = {isa = PBXFileReference; lastKnownFileType = sourcecode.c.h; path = THOrderHeaderView.h; sourceTree = "<group>"; };
		F1A0955C2041660C0008384F /* THOrderHeaderView.m */ = {isa = PBXFileReference; lastKnownFileType = sourcecode.c.objc; path = THOrderHeaderView.m; sourceTree = "<group>"; };
		F1FC13A1202747DF00CA169D /* HDViews.app */ = {isa = PBXFileReference; explicitFileType = wrapper.application; includeInIndex = 0; path = HDViews.app; sourceTree = BUILT_PRODUCTS_DIR; };
		F1FC13A4202747DF00CA169D /* AppDelegate.h */ = {isa = PBXFileReference; lastKnownFileType = sourcecode.c.h; path = AppDelegate.h; sourceTree = "<group>"; };
		F1FC13A5202747DF00CA169D /* AppDelegate.m */ = {isa = PBXFileReference; lastKnownFileType = sourcecode.c.objc; path = AppDelegate.m; sourceTree = "<group>"; };
		F1FC13A7202747DF00CA169D /* ViewController.h */ = {isa = PBXFileReference; lastKnownFileType = sourcecode.c.h; path = ViewController.h; sourceTree = "<group>"; };
		F1FC13A8202747DF00CA169D /* ViewController.m */ = {isa = PBXFileReference; lastKnownFileType = sourcecode.c.objc; path = ViewController.m; sourceTree = "<group>"; };
		F1FC13AB202747DF00CA169D /* Base */ = {isa = PBXFileReference; lastKnownFileType = file.storyboard; name = Base; path = Base.lproj/Main.storyboard; sourceTree = "<group>"; };
		F1FC13AD202747DF00CA169D /* Assets.xcassets */ = {isa = PBXFileReference; lastKnownFileType = folder.assetcatalog; path = Assets.xcassets; sourceTree = "<group>"; };
		F1FC13B0202747DF00CA169D /* Base */ = {isa = PBXFileReference; lastKnownFileType = file.storyboard; name = Base; path = Base.lproj/LaunchScreen.storyboard; sourceTree = "<group>"; };
		F1FC13B2202747DF00CA169D /* Info.plist */ = {isa = PBXFileReference; lastKnownFileType = text.plist.xml; path = Info.plist; sourceTree = "<group>"; };
		F1FC13B3202747DF00CA169D /* main.m */ = {isa = PBXFileReference; lastKnownFileType = sourcecode.c.objc; path = main.m; sourceTree = "<group>"; };
		F1FC13B9202747E000CA169D /* HDViewsTests.xctest */ = {isa = PBXFileReference; explicitFileType = wrapper.cfbundle; includeInIndex = 0; path = HDViewsTests.xctest; sourceTree = BUILT_PRODUCTS_DIR; };
		F1FC13BD202747E000CA169D /* HDViewsTests.m */ = {isa = PBXFileReference; lastKnownFileType = sourcecode.c.objc; path = HDViewsTests.m; sourceTree = "<group>"; };
		F1FC13BF202747E000CA169D /* Info.plist */ = {isa = PBXFileReference; lastKnownFileType = text.plist.xml; path = Info.plist; sourceTree = "<group>"; };
		F1FC13C4202747E000CA169D /* HDViewsUITests.xctest */ = {isa = PBXFileReference; explicitFileType = wrapper.cfbundle; includeInIndex = 0; path = HDViewsUITests.xctest; sourceTree = BUILT_PRODUCTS_DIR; };
		F1FC13C8202747E000CA169D /* HDViewsUITests.m */ = {isa = PBXFileReference; lastKnownFileType = sourcecode.c.objc; path = HDViewsUITests.m; sourceTree = "<group>"; };
		F1FC13CA202747E000CA169D /* Info.plist */ = {isa = PBXFileReference; lastKnownFileType = text.plist.xml; path = Info.plist; sourceTree = "<group>"; };
		F1FC13D820274A8A00CA169D /* RequestButtonViewController.h */ = {isa = PBXFileReference; lastKnownFileType = sourcecode.c.h; path = RequestButtonViewController.h; sourceTree = "<group>"; };
		F1FC13D920274A8A00CA169D /* RequestButtonViewController.m */ = {isa = PBXFileReference; lastKnownFileType = sourcecode.c.objc; path = RequestButtonViewController.m; sourceTree = "<group>"; };
		F1FC13DB20274AFB00CA169D /* HDRequestButton.h */ = {isa = PBXFileReference; lastKnownFileType = sourcecode.c.h; path = HDRequestButton.h; sourceTree = "<group>"; };
		F1FC13DC20274AFB00CA169D /* HDRequestButton.m */ = {isa = PBXFileReference; lastKnownFileType = sourcecode.c.objc; path = HDRequestButton.m; sourceTree = "<group>"; };
/* End PBXFileReference section */

/* Begin PBXFrameworksBuildPhase section */
		F1FC139E202747DF00CA169D /* Frameworks */ = {
			isa = PBXFrameworksBuildPhase;
			buildActionMask = 2147483647;
			files = (
			);
			runOnlyForDeploymentPostprocessing = 0;
		};
		F1FC13B6202747E000CA169D /* Frameworks */ = {
			isa = PBXFrameworksBuildPhase;
			buildActionMask = 2147483647;
			files = (
			);
			runOnlyForDeploymentPostprocessing = 0;
		};
		F1FC13C1202747E000CA169D /* Frameworks */ = {
			isa = PBXFrameworksBuildPhase;
			buildActionMask = 2147483647;
			files = (
			);
			runOnlyForDeploymentPostprocessing = 0;
		};
/* End PBXFrameworksBuildPhase section */

/* Begin PBXGroup section */
		186A2333202BE7B200CDC63D /* pullView */ = {
			isa = PBXGroup;
			children = (
				186A2334202BE8F700CDC63D /* HDPullDownView.h */,
				186A2335202BE8F700CDC63D /* HDPullDownView.m */,
				186A234E202BF6A600CDC63D /* PullViewController.h */,
				186A234F202BF6A600CDC63D /* PullViewController.m */,
			);
			path = pullView;
			sourceTree = "<group>";
		};
		186A2337202BED9100CDC63D /* Mylib */ = {
			isa = PBXGroup;
			children = (
				F1A0954E20414BBF0008384F /* model */,
				186A233A202BEDB200CDC63D /* core1 */,
				186A2339202BEDB200CDC63D /* HDDefault.h */,
				186A2338202BEDB200CDC63D /* HDDefault.m */,
			);
			path = Mylib;
			sourceTree = "<group>";
		};
		186A233A202BEDB200CDC63D /* core1 */ = {
			isa = PBXGroup;
			children = (
				186A233B202BEDB200CDC63D /* color */,
				186A233F202BEDB200CDC63D /* font */,
				186A2343202BEDB200CDC63D /* frame */,
			);
			path = core1;
			sourceTree = "<group>";
		};
		186A233B202BEDB200CDC63D /* color */ = {
			isa = PBXGroup;
			children = (
				186A233C202BEDB200CDC63D /* UIColor+RGB.h */,
				186A233D202BEDB200CDC63D /* UIColor+RGB.m */,
				186A233E202BEDB200CDC63D /* UIColor+RGB解释.pages */,
			);
			path = color;
			sourceTree = "<group>";
		};
		186A233F202BEDB200CDC63D /* font */ = {
			isa = PBXGroup;
			children = (
				186A2340202BEDB200CDC63D /* font.pages */,
				186A2341202BEDB200CDC63D /* UIFont+PxToSize.h */,
				186A2342202BEDB200CDC63D /* UIFont+PxToSize.m */,
			);
			path = font;
			sourceTree = "<group>";
		};
		186A2343202BEDB200CDC63D /* frame */ = {
			isa = PBXGroup;
			children = (
				186A2344202BEDB200CDC63D /* frame.pages */,
				186A2345202BEDB200CDC63D /* UIView+FRAME_SET.h */,
				186A2346202BEDB200CDC63D /* UIView+FRAME_SET.m */,
			);
			path = frame;
			sourceTree = "<group>";
		};
		F1A09538204104C30008384F /* collectionView */ = {
			isa = PBXGroup;
			children = (
				F1A09539204104E50008384F /* HDConllectionView.h */,
				F1A0953A204104E50008384F /* HDConllectionView.m */,
				F1A0953C204106EF0008384F /* THOrderViewController.h */,
				F1A0953D204106EF0008384F /* THOrderViewController.m */,
				F1A0954220410AD90008384F /* HDCollectionViewCell.h */,
				F1A0954320410AD90008384F /* HDCollectionViewCell.m */,
				F1A095452041308B0008384F /* HDCollectionReusableView.h */,
				F1A095462041308B0008384F /* HDCollectionReusableView.m */,
				F1A09548204149060008384F /* HDClickButton.h */,
				F1A09549204149060008384F /* HDClickButton.m */,
				F1A0954B20414B360008384F /* THOrderModel.h */,
				F1A0954C20414B360008384F /* THOrderModel.m */,
				F1A0955620415F660008384F /* THOrderHeaderView.xib */,
				F1A095582041617D0008384F /* HDCollectionViewController1.h */,
				F1A095592041617D0008384F /* HDCollectionViewController1.m */,
				F1A0955B2041660C0008384F /* THOrderHeaderView.h */,
				F1A0955C2041660C0008384F /* THOrderHeaderView.m */,
			);
			path = collectionView;
			sourceTree = "<group>";
		};
		F1A0954E20414BBF0008384F /* model */ = {
			isa = PBXGroup;
			children = (
				F1A0954F20414BBF0008384F /* Model.pages */,
				F1A0955020414BBF0008384F /* HDModel.h */,
				F1A0955120414BBF0008384F /* HDModel.m */,
			);
			path = model;
			sourceTree = "<group>";
		};
		F1FC1398202747DF00CA169D = {
			isa = PBXGroup;
			children = (
				F1FC13A3202747DF00CA169D /* HDViews */,
				F1FC13BC202747E000CA169D /* HDViewsTests */,
				F1FC13C7202747E000CA169D /* HDViewsUITests */,
				F1FC13A2202747DF00CA169D /* Products */,
			);
			sourceTree = "<group>";
		};
		F1FC13A2202747DF00CA169D /* Products */ = {
			isa = PBXGroup;
			children = (
				F1FC13A1202747DF00CA169D /* HDViews.app */,
				F1FC13B9202747E000CA169D /* HDViewsTests.xctest */,
				F1FC13C4202747E000CA169D /* HDViewsUITests.xctest */,
			);
			name = Products;
			sourceTree = "<group>";
		};
		F1FC13A3202747DF00CA169D /* HDViews */ = {
			isa = PBXGroup;
			children = (
				186A2337202BED9100CDC63D /* Mylib */,
				F1FC13D620274A4A00CA169D /* New Group */,
				F1FC13A4202747DF00CA169D /* AppDelegate.h */,
				F1FC13A5202747DF00CA169D /* AppDelegate.m */,
				F1FC13A7202747DF00CA169D /* ViewController.h */,
				F1FC13A8202747DF00CA169D /* ViewController.m */,
				F1FC13AA202747DF00CA169D /* Main.storyboard */,
				F1FC13AD202747DF00CA169D /* Assets.xcassets */,
				F1FC13AF202747DF00CA169D /* LaunchScreen.storyboard */,
				F1FC13B2202747DF00CA169D /* Info.plist */,
				F1FC13B3202747DF00CA169D /* main.m */,
			);
			path = HDViews;
			sourceTree = "<group>";
		};
		F1FC13BC202747E000CA169D /* HDViewsTests */ = {
			isa = PBXGroup;
			children = (
				F1FC13BD202747E000CA169D /* HDViewsTests.m */,
				F1FC13BF202747E000CA169D /* Info.plist */,
			);
			path = HDViewsTests;
			sourceTree = "<group>";
		};
		F1FC13C7202747E000CA169D /* HDViewsUITests */ = {
			isa = PBXGroup;
			children = (
				F1FC13C8202747E000CA169D /* HDViewsUITests.m */,
				F1FC13CA202747E000CA169D /* Info.plist */,
			);
			path = HDViewsUITests;
			sourceTree = "<group>";
		};
		F1FC13D620274A4A00CA169D /* New Group */ = {
			isa = PBXGroup;
			children = (
				F1A09538204104C30008384F /* collectionView */,
				186A2333202BE7B200CDC63D /* pullView */,
				F1FC13D720274A5E00CA169D /* requstButton */,
			);
			path = "New Group";
			sourceTree = "<group>";
		};
		F1FC13D720274A5E00CA169D /* requstButton */ = {
			isa = PBXGroup;
			children = (
				F1FC13D820274A8A00CA169D /* RequestButtonViewController.h */,
				F1FC13D920274A8A00CA169D /* RequestButtonViewController.m */,
				F1FC13DB20274AFB00CA169D /* HDRequestButton.h */,
				F1FC13DC20274AFB00CA169D /* HDRequestButton.m */,
			);
			path = requstButton;
			sourceTree = "<group>";
		};
/* End PBXGroup section */

/* Begin PBXNativeTarget section */
		F1FC13A0202747DF00CA169D /* HDViews */ = {
			isa = PBXNativeTarget;
			buildConfigurationList = F1FC13CD202747E000CA169D /* Build configuration list for PBXNativeTarget "HDViews" */;
			buildPhases = (
				F1FC139D202747DF00CA169D /* Sources */,
				F1FC139E202747DF00CA169D /* Frameworks */,
				F1FC139F202747DF00CA169D /* Resources */,
				F1E23D402032978900E183FC /* ShellScript */,
			);
			buildRules = (
			);
			dependencies = (
			);
			name = HDViews;
			productName = HDViews;
			productReference = F1FC13A1202747DF00CA169D /* HDViews.app */;
			productType = "com.apple.product-type.application";
		};
		F1FC13B8202747E000CA169D /* HDViewsTests */ = {
			isa = PBXNativeTarget;
			buildConfigurationList = F1FC13D0202747E000CA169D /* Build configuration list for PBXNativeTarget "HDViewsTests" */;
			buildPhases = (
				F1FC13B5202747E000CA169D /* Sources */,
				F1FC13B6202747E000CA169D /* Frameworks */,
				F1FC13B7202747E000CA169D /* Resources */,
			);
			buildRules = (
			);
			dependencies = (
				F1FC13BB202747E000CA169D /* PBXTargetDependency */,
			);
			name = HDViewsTests;
			productName = HDViewsTests;
			productReference = F1FC13B9202747E000CA169D /* HDViewsTests.xctest */;
			productType = "com.apple.product-type.bundle.unit-test";
		};
		F1FC13C3202747E000CA169D /* HDViewsUITests */ = {
			isa = PBXNativeTarget;
			buildConfigurationList = F1FC13D3202747E000CA169D /* Build configuration list for PBXNativeTarget "HDViewsUITests" */;
			buildPhases = (
				F1FC13C0202747E000CA169D /* Sources */,
				F1FC13C1202747E000CA169D /* Frameworks */,
				F1FC13C2202747E000CA169D /* Resources */,
			);
			buildRules = (
			);
			dependencies = (
				F1FC13C6202747E000CA169D /* PBXTargetDependency */,
			);
			name = HDViewsUITests;
			productName = HDViewsUITests;
			productReference = F1FC13C4202747E000CA169D /* HDViewsUITests.xctest */;
			productType = "com.apple.product-type.bundle.ui-testing";
		};
/* End PBXNativeTarget section */

/* Begin PBXProject section */
		F1FC1399202747DF00CA169D /* Project object */ = {
			isa = PBXProject;
			attributes = {
				LastUpgradeCheck = 0920;
				ORGANIZATIONNAME = "郑华栋";
				TargetAttributes = {
					F1FC13A0202747DF00CA169D = {
						CreatedOnToolsVersion = 9.2;
						ProvisioningStyle = Automatic;
					};
					F1FC13B8202747E000CA169D = {
						CreatedOnToolsVersion = 9.2;
						ProvisioningStyle = Automatic;
						TestTargetID = F1FC13A0202747DF00CA169D;
					};
					F1FC13C3202747E000CA169D = {
						CreatedOnToolsVersion = 9.2;
						ProvisioningStyle = Automatic;
						TestTargetID = F1FC13A0202747DF00CA169D;
					};
				};
			};
			buildConfigurationList = F1FC139C202747DF00CA169D /* Build configuration list for PBXProject "HDViews" */;
			compatibilityVersion = "Xcode 8.0";
			developmentRegion = en;
			hasScannedForEncodings = 0;
			knownRegions = (
				en,
				Base,
			);
			mainGroup = F1FC1398202747DF00CA169D;
			productRefGroup = F1FC13A2202747DF00CA169D /* Products */;
			projectDirPath = "";
			projectRoot = "";
			targets = (
				F1FC13A0202747DF00CA169D /* HDViews */,
				F1FC13B8202747E000CA169D /* HDViewsTests */,
				F1FC13C3202747E000CA169D /* HDViewsUITests */,
			);
		};
/* End PBXProject section */

/* Begin PBXResourcesBuildPhase section */
		F1FC139F202747DF00CA169D /* Resources */ = {
			isa = PBXResourcesBuildPhase;
			buildActionMask = 2147483647;
			files = (
				F1FC13B1202747DF00CA169D /* LaunchScreen.storyboard in Resources */,
				186A2349202BEDB200CDC63D /* UIColor+RGB解释.pages in Resources */,
				F1A0955720415F660008384F /* THOrderHeaderView.xib in Resources */,
				F1FC13AE202747DF00CA169D /* Assets.xcassets in Resources */,
				F1A0955220414BBF0008384F /* Model.pages in Resources */,
				F1FC13AC202747DF00CA169D /* Main.storyboard in Resources */,
				186A234C202BEDB200CDC63D /* frame.pages in Resources */,
				186A234A202BEDB200CDC63D /* font.pages in Resources */,
			);
			runOnlyForDeploymentPostprocessing = 0;
		};
		F1FC13B7202747E000CA169D /* Resources */ = {
			isa = PBXResourcesBuildPhase;
			buildActionMask = 2147483647;
			files = (
			);
			runOnlyForDeploymentPostprocessing = 0;
		};
		F1FC13C2202747E000CA169D /* Resources */ = {
			isa = PBXResourcesBuildPhase;
			buildActionMask = 2147483647;
			files = (
			);
			runOnlyForDeploymentPostprocessing = 0;
		};
/* End PBXResourcesBuildPhase section */

/* Begin PBXShellScriptBuildPhase section */
		F1E23D402032978900E183FC /* ShellScript */ = {
			isa = PBXShellScriptBuildPhase;
			buildActionMask = 2147483647;
			files = (
			);
			inputPaths = (
			);
			outputPaths = (
			);
			runOnlyForDeploymentPostprocessing = 0;
			shellPath = /bin/sh;
			shellScript = "";
		};
/* End PBXShellScriptBuildPhase section */

/* Begin PBXSourcesBuildPhase section */
		F1FC139D202747DF00CA169D /* Sources */ = {
			isa = PBXSourcesBuildPhase;
			buildActionMask = 2147483647;
			files = (
				F1FC13DA20274A8A00CA169D /* RequestButtonViewController.m in Sources */,
				186A234B202BEDB200CDC63D /* UIFont+PxToSize.m in Sources */,
				F1A0954D20414B360008384F /* THOrderModel.m in Sources */,
				F1FC13A9202747DF00CA169D /* ViewController.m in Sources */,
				F1FC13B4202747DF00CA169D /* main.m in Sources */,
				F1A0954420410AD90008384F /* HDCollectionViewCell.m in Sources */,
				186A2348202BEDB200CDC63D /* UIColor+RGB.m in Sources */,
				F1A095472041308B0008384F /* HDCollectionReusableView.m in Sources */,
				186A2350202BF6A600CDC63D /* PullViewController.m in Sources */,
				F1A0954A204149060008384F /* HDClickButton.m in Sources */,
				F1A0955D2041660C0008384F /* THOrderHeaderView.m in Sources */,
				F1FC13A6202747DF00CA169D /* AppDelegate.m in Sources */,
				F1A0953E204106EF0008384F /* THOrderViewController.m in Sources */,
				F1FC13DD20274AFB00CA169D /* HDRequestButton.m in Sources */,
				F1A0955320414BBF0008384F /* HDModel.m in Sources */,
				186A234D202BEDB200CDC63D /* UIView+FRAME_SET.m in Sources */,
				186A2336202BE8F700CDC63D /* HDPullDownView.m in Sources */,
				186A2347202BEDB200CDC63D /* HDDefault.m in Sources */,
				F1A0953B204104E50008384F /* HDConllectionView.m in Sources */,
				F1A0955A2041617D0008384F /* HDCollectionViewController1.m in Sources */,
			);
			runOnlyForDeploymentPostprocessing = 0;
		};
		F1FC13B5202747E000CA169D /* Sources */ = {
			isa = PBXSourcesBuildPhase;
			buildActionMask = 2147483647;
			files = (
				F1FC13BE202747E000CA169D /* HDViewsTests.m in Sources */,
			);
			runOnlyForDeploymentPostprocessing = 0;
		};
		F1FC13C0202747E000CA169D /* Sources */ = {
			isa = PBXSourcesBuildPhase;
			buildActionMask = 2147483647;
			files = (
				F1FC13C9202747E000CA169D /* HDViewsUITests.m in Sources */,
			);
			runOnlyForDeploymentPostprocessing = 0;
		};
/* End PBXSourcesBuildPhase section */

/* Begin PBXTargetDependency section */
		F1FC13BB202747E000CA169D /* PBXTargetDependency */ = {
			isa = PBXTargetDependency;
			target = F1FC13A0202747DF00CA169D /* HDViews */;
			targetProxy = F1FC13BA202747E000CA169D /* PBXContainerItemProxy */;
		};
		F1FC13C6202747E000CA169D /* PBXTargetDependency */ = {
			isa = PBXTargetDependency;
			target = F1FC13A0202747DF00CA169D /* HDViews */;
			targetProxy = F1FC13C5202747E000CA169D /* PBXContainerItemProxy */;
		};
/* End PBXTargetDependency section */

/* Begin PBXVariantGroup section */
		F1FC13AA202747DF00CA169D /* Main.storyboard */ = {
			isa = PBXVariantGroup;
			children = (
				F1FC13AB202747DF00CA169D /* Base */,
			);
			name = Main.storyboard;
			sourceTree = "<group>";
		};
		F1FC13AF202747DF00CA169D /* LaunchScreen.storyboard */ = {
			isa = PBXVariantGroup;
			children = (
				F1FC13B0202747DF00CA169D /* Base */,
			);
			name = LaunchScreen.storyboard;
			sourceTree = "<group>";
		};
/* End PBXVariantGroup section */

/* Begin XCBuildConfiguration section */
		F1FC13CB202747E000CA169D /* Debug */ = {
			isa = XCBuildConfiguration;
			buildSettings = {
				ALWAYS_SEARCH_USER_PATHS = NO;
				CLANG_ANALYZER_NONNULL = YES;
				CLANG_ANALYZER_NUMBER_OBJECT_CONVERSION = YES_AGGRESSIVE;
				CLANG_CXX_LANGUAGE_STANDARD = "gnu++14";
				CLANG_CXX_LIBRARY = "libc++";
				CLANG_ENABLE_MODULES = YES;
				CLANG_ENABLE_OBJC_ARC = YES;
				CLANG_WARN_BLOCK_CAPTURE_AUTORELEASING = YES;
				CLANG_WARN_BOOL_CONVERSION = YES;
				CLANG_WARN_COMMA = YES;
				CLANG_WARN_CONSTANT_CONVERSION = YES;
				CLANG_WARN_DIRECT_OBJC_ISA_USAGE = YES_ERROR;
				CLANG_WARN_DOCUMENTATION_COMMENTS = YES;
				CLANG_WARN_EMPTY_BODY = YES;
				CLANG_WARN_ENUM_CONVERSION = YES;
				CLANG_WARN_INFINITE_RECURSION = YES;
				CLANG_WARN_INT_CONVERSION = YES;
				CLANG_WARN_NON_LITERAL_NULL_CONVERSION = YES;
				CLANG_WARN_OBJC_LITERAL_CONVERSION = YES;
				CLANG_WARN_OBJC_ROOT_CLASS = YES_ERROR;
				CLANG_WARN_RANGE_LOOP_ANALYSIS = YES;
				CLANG_WARN_STRICT_PROTOTYPES = YES;
				CLANG_WARN_SUSPICIOUS_MOVE = YES;
				CLANG_WARN_UNGUARDED_AVAILABILITY = YES_AGGRESSIVE;
				CLANG_WARN_UNREACHABLE_CODE = YES;
				CLANG_WARN__DUPLICATE_METHOD_MATCH = YES;
				CODE_SIGN_IDENTITY = "iPhone Developer";
				COPY_PHASE_STRIP = NO;
				DEBUG_INFORMATION_FORMAT = dwarf;
				ENABLE_STRICT_OBJC_MSGSEND = YES;
				ENABLE_TESTABILITY = YES;
				GCC_C_LANGUAGE_STANDARD = gnu11;
				GCC_DYNAMIC_NO_PIC = NO;
				GCC_NO_COMMON_BLOCKS = YES;
				GCC_OPTIMIZATION_LEVEL = 0;
				GCC_PREPROCESSOR_DEFINITIONS = (
					"DEBUG=1",
					"$(inherited)",
				);
				GCC_WARN_64_TO_32_BIT_CONVERSION = YES;
				GCC_WARN_ABOUT_RETURN_TYPE = YES_ERROR;
				GCC_WARN_UNDECLARED_SELECTOR = YES;
				GCC_WARN_UNINITIALIZED_AUTOS = YES_AGGRESSIVE;
				GCC_WARN_UNUSED_FUNCTION = YES;
				GCC_WARN_UNUSED_VARIABLE = YES;
				IPHONEOS_DEPLOYMENT_TARGET = 11.2;
				MTL_ENABLE_DEBUG_INFO = YES;
				ONLY_ACTIVE_ARCH = YES;
				SDKROOT = iphoneos;
			};
			name = Debug;
		};
		F1FC13CC202747E000CA169D /* Release */ = {
			isa = XCBuildConfiguration;
			buildSettings = {
				ALWAYS_SEARCH_USER_PATHS = NO;
				CLANG_ANALYZER_NONNULL = YES;
				CLANG_ANALYZER_NUMBER_OBJECT_CONVERSION = YES_AGGRESSIVE;
				CLANG_CXX_LANGUAGE_STANDARD = "gnu++14";
				CLANG_CXX_LIBRARY = "libc++";
				CLANG_ENABLE_MODULES = YES;
				CLANG_ENABLE_OBJC_ARC = YES;
				CLANG_WARN_BLOCK_CAPTURE_AUTORELEASING = YES;
				CLANG_WARN_BOOL_CONVERSION = YES;
				CLANG_WARN_COMMA = YES;
				CLANG_WARN_CONSTANT_CONVERSION = YES;
				CLANG_WARN_DIRECT_OBJC_ISA_USAGE = YES_ERROR;
				CLANG_WARN_DOCUMENTATION_COMMENTS = YES;
				CLANG_WARN_EMPTY_BODY = YES;
				CLANG_WARN_ENUM_CONVERSION = YES;
				CLANG_WARN_INFINITE_RECURSION = YES;
				CLANG_WARN_INT_CONVERSION = YES;
				CLANG_WARN_NON_LITERAL_NULL_CONVERSION = YES;
				CLANG_WARN_OBJC_LITERAL_CONVERSION = YES;
				CLANG_WARN_OBJC_ROOT_CLASS = YES_ERROR;
				CLANG_WARN_RANGE_LOOP_ANALYSIS = YES;
				CLANG_WARN_STRICT_PROTOTYPES = YES;
				CLANG_WARN_SUSPICIOUS_MOVE = YES;
				CLANG_WARN_UNGUARDED_AVAILABILITY = YES_AGGRESSIVE;
				CLANG_WARN_UNREACHABLE_CODE = YES;
				CLANG_WARN__DUPLICATE_METHOD_MATCH = YES;
				CODE_SIGN_IDENTITY = "iPhone Developer";
				COPY_PHASE_STRIP = NO;
				DEBUG_INFORMATION_FORMAT = "dwarf-with-dsym";
				ENABLE_NS_ASSERTIONS = NO;
				ENABLE_STRICT_OBJC_MSGSEND = YES;
				GCC_C_LANGUAGE_STANDARD = gnu11;
				GCC_NO_COMMON_BLOCKS = YES;
				GCC_WARN_64_TO_32_BIT_CONVERSION = YES;
				GCC_WARN_ABOUT_RETURN_TYPE = YES_ERROR;
				GCC_WARN_UNDECLARED_SELECTOR = YES;
				GCC_WARN_UNINITIALIZED_AUTOS = YES_AGGRESSIVE;
				GCC_WARN_UNUSED_FUNCTION = YES;
				GCC_WARN_UNUSED_VARIABLE = YES;
				IPHONEOS_DEPLOYMENT_TARGET = 11.2;
				MTL_ENABLE_DEBUG_INFO = NO;
				SDKROOT = iphoneos;
				VALIDATE_PRODUCT = YES;
			};
			name = Release;
		};
		F1FC13CE202747E000CA169D /* Debug */ = {
			isa = XCBuildConfiguration;
			buildSettings = {
				ASSETCATALOG_COMPILER_APPICON_NAME = AppIcon;
				CODE_SIGN_STYLE = Automatic;
				DEVELOPMENT_TEAM = 6J5PB96A9M;
				INFOPLIST_FILE = HDViews/Info.plist;
				IPHONEOS_DEPLOYMENT_TARGET = 8.0;
				LD_RUNPATH_SEARCH_PATHS = "$(inherited) @executable_path/Frameworks";
				PRODUCT_BUNDLE_IDENTIFIER = com.zhd.HDViews;
				PRODUCT_NAME = "$(TARGET_NAME)";
				TARGETED_DEVICE_FAMILY = "1,2";
			};
			name = Debug;
		};
		F1FC13CF202747E000CA169D /* Release */ = {
			isa = XCBuildConfiguration;
			buildSettings = {
				ASSETCATALOG_COMPILER_APPICON_NAME = AppIcon;
				CODE_SIGN_STYLE = Automatic;
				DEVELOPMENT_TEAM = 6J5PB96A9M;
				INFOPLIST_FILE = HDViews/Info.plist;
				IPHONEOS_DEPLOYMENT_TARGET = 8.0;
				LD_RUNPATH_SEARCH_PATHS = "$(inherited) @executable_path/Frameworks";
				PRODUCT_BUNDLE_IDENTIFIER = com.zhd.HDViews;
				PRODUCT_NAME = "$(TARGET_NAME)";
				TARGETED_DEVICE_FAMILY = "1,2";
			};
			name = Release;
		};
		F1FC13D1202747E000CA169D /* Debug */ = {
			isa = XCBuildConfiguration;
			buildSettings = {
				BUNDLE_LOADER = "$(TEST_HOST)";
				CODE_SIGN_STYLE = Automatic;
				DEVELOPMENT_TEAM = 6J5PB96A9M;
				INFOPLIST_FILE = HDViewsTests/Info.plist;
				LD_RUNPATH_SEARCH_PATHS = "$(inherited) @executable_path/Frameworks @loader_path/Frameworks";
				PRODUCT_BUNDLE_IDENTIFIER = com.zhd.HDViewsTests;
				PRODUCT_NAME = "$(TARGET_NAME)";
				TARGETED_DEVICE_FAMILY = "1,2";
				TEST_HOST = "$(BUILT_PRODUCTS_DIR)/HDViews.app/HDViews";
			};
			name = Debug;
		};
		F1FC13D2202747E000CA169D /* Release */ = {
			isa = XCBuildConfiguration;
			buildSettings = {
				BUNDLE_LOADER = "$(TEST_HOST)";
				CODE_SIGN_STYLE = Automatic;
				DEVELOPMENT_TEAM = 6J5PB96A9M;
				INFOPLIST_FILE = HDViewsTests/Info.plist;
				LD_RUNPATH_SEARCH_PATHS = "$(inherited) @executable_path/Frameworks @loader_path/Frameworks";
				PRODUCT_BUNDLE_IDENTIFIER = com.zhd.HDViewsTests;
				PRODUCT_NAME = "$(TARGET_NAME)";
				TARGETED_DEVICE_FAMILY = "1,2";
				TEST_HOST = "$(BUILT_PRODUCTS_DIR)/HDViews.app/HDViews";
			};
			name = Release;
		};
		F1FC13D4202747E000CA169D /* Debug */ = {
			isa = XCBuildConfiguration;
			buildSettings = {
				CODE_SIGN_STYLE = Automatic;
				DEVELOPMENT_TEAM = 6J5PB96A9M;
				INFOPLIST_FILE = HDViewsUITests/Info.plist;
				LD_RUNPATH_SEARCH_PATHS = "$(inherited) @executable_path/Frameworks @loader_path/Frameworks";
				PRODUCT_BUNDLE_IDENTIFIER = com.zhd.HDViewsUITests;
				PRODUCT_NAME = "$(TARGET_NAME)";
				TARGETED_DEVICE_FAMILY = "1,2";
				TEST_TARGET_NAME = HDViews;
			};
			name = Debug;
		};
		F1FC13D5202747E000CA169D /* Release */ = {
			isa = XCBuildConfiguration;
			buildSettings = {
				CODE_SIGN_STYLE = Automatic;
				DEVELOPMENT_TEAM = 6J5PB96A9M;
				INFOPLIST_FILE = HDViewsUITests/Info.plist;
				LD_RUNPATH_SEARCH_PATHS = "$(inherited) @executable_path/Frameworks @loader_path/Frameworks";
				PRODUCT_BUNDLE_IDENTIFIER = com.zhd.HDViewsUITests;
				PRODUCT_NAME = "$(TARGET_NAME)";
				TARGETED_DEVICE_FAMILY = "1,2";
				TEST_TARGET_NAME = HDViews;
			};
			name = Release;
		};
/* End XCBuildConfiguration section */

/* Begin XCConfigurationList section */
		F1FC139C202747DF00CA169D /* Build configuration list for PBXProject "HDViews" */ = {
			isa = XCConfigurationList;
			buildConfigurations = (
				F1FC13CB202747E000CA169D /* Debug */,
				F1FC13CC202747E000CA169D /* Release */,
			);
			defaultConfigurationIsVisible = 0;
			defaultConfigurationName = Release;
		};
		F1FC13CD202747E000CA169D /* Build configuration list for PBXNativeTarget "HDViews" */ = {
			isa = XCConfigurationList;
			buildConfigurations = (
				F1FC13CE202747E000CA169D /* Debug */,
				F1FC13CF202747E000CA169D /* Release */,
			);
			defaultConfigurationIsVisible = 0;
			defaultConfigurationName = Release;
		};
		F1FC13D0202747E000CA169D /* Build configuration list for PBXNativeTarget "HDViewsTests" */ = {
			isa = XCConfigurationList;
			buildConfigurations = (
				F1FC13D1202747E000CA169D /* Debug */,
				F1FC13D2202747E000CA169D /* Release */,
			);
			defaultConfigurationIsVisible = 0;
			defaultConfigurationName = Release;
		};
		F1FC13D3202747E000CA169D /* Build configuration list for PBXNativeTarget "HDViewsUITests" */ = {
			isa = XCConfigurationList;
			buildConfigurations = (
				F1FC13D4202747E000CA169D /* Debug */,
				F1FC13D5202747E000CA169D /* Release */,
			);
			defaultConfigurationIsVisible = 0;
			defaultConfigurationName = Release;
		};
/* End XCConfigurationList section */
	};
	rootObject = F1FC1399202747DF00CA169D /* Project object */;
}
