// !$*UTF8*$!
{
	archiveVersion = 1;
	classes = {
	};
	objectVersion = 48;
	objects = {

/* Begin PBXBuildFile section */
		F10B6DCE203FF9BC00AEF664 /* UIColor+RGB解释.pages in Resources */ = {isa = PBXBuildFile; fileRef = F10B6DC3203FF9BC00AEF664 /* UIColor+RGB解释.pages */; };
		F10B6DCF203FF9BC00AEF664 /* UIColor+RGB.m in Sources */ = {isa = PBXBuildFile; fileRef = F10B6DC4203FF9BC00AEF664 /* UIColor+RGB.m */; };
		F10B6DD0203FF9BC00AEF664 /* UIView+FRAME_SET.m in Sources */ = {isa = PBXBuildFile; fileRef = F10B6DC6203FF9BC00AEF664 /* UIView+FRAME_SET.m */; };
		F10B6DD1203FF9BC00AEF664 /* frame.pages in Resources */ = {isa = PBXBuildFile; fileRef = F10B6DC8203FF9BC00AEF664 /* frame.pages */; };
		F10B6DD2203FF9BC00AEF664 /* UIFont+PxToSize.m in Sources */ = {isa = PBXBuildFile; fileRef = F10B6DCA203FF9BC00AEF664 /* UIFont+PxToSize.m */; };
		F10B6DD3203FF9BC00AEF664 /* font.pages in Resources */ = {isa = PBXBuildFile; fileRef = F10B6DCB203FF9BC00AEF664 /* font.pages */; };
		F10B6DD4203FF9BC00AEF664 /* HDDefault.m in Sources */ = {isa = PBXBuildFile; fileRef = F10B6DCD203FF9BC00AEF664 /* HDDefault.m */; };
		F114262D202F38A6000D6ACA /* DateViewController.m in Sources */ = {isa = PBXBuildFile; fileRef = F114262B202F38A6000D6ACA /* DateViewController.m */; };
		F114262E202F38A6000D6ACA /* DateViewController.xib in Resources */ = {isa = PBXBuildFile; fileRef = F114262C202F38A6000D6ACA /* DateViewController.xib */; };
		F1142631202F3A71000D6ACA /* NSDate+Time.m in Sources */ = {isa = PBXBuildFile; fileRef = F1142630202F3A70000D6ACA /* NSDate+Time.m */; };
		F1142634202F3ADA000D6ACA /* NSString+date.m in Sources */ = {isa = PBXBuildFile; fileRef = F1142633202F3ADA000D6ACA /* NSString+date.m */; };
		F12AEAC72033F6A10028C01C /* NSObject+Util.m in Sources */ = {isa = PBXBuildFile; fileRef = F12AEAC62033F6A10028C01C /* NSObject+Util.m */; };
		F12AEACB20347C860028C01C /* HDValite.m in Sources */ = {isa = PBXBuildFile; fileRef = F12AEACA20347C860028C01C /* HDValite.m */; };
		F169A9062028AECC0036805F /* HDNullUtil.m in Sources */ = {isa = PBXBuildFile; fileRef = F169A9052028AECC0036805F /* HDNullUtil.m */; };
		F169A90A2028B0AC0036805F /* HDTip.m in Sources */ = {isa = PBXBuildFile; fileRef = F169A9082028B0AC0036805F /* HDTip.m */; };
		F169A90E2028B1E90036805F /* NullViewController.m in Sources */ = {isa = PBXBuildFile; fileRef = F169A90C2028B1E90036805F /* NullViewController.m */; };
		F169A90F2028B1E90036805F /* NullViewController.xib in Resources */ = {isa = PBXBuildFile; fileRef = F169A90D2028B1E90036805F /* NullViewController.xib */; };
		F1E8A088203F0EDE00410AD7 /* animation.pages in Resources */ = {isa = PBXBuildFile; fileRef = F1E8A087203F0EDE00410AD7 /* animation.pages */; };
		F1E8A08B203F0F5E00410AD7 /* HDAnimationUtil.m in Sources */ = {isa = PBXBuildFile; fileRef = F1E8A08A203F0F5E00410AD7 /* HDAnimationUtil.m */; };
		F1E8A08E203F113600410AD7 /* AnimationViewController.m in Sources */ = {isa = PBXBuildFile; fileRef = F1E8A08D203F113600410AD7 /* AnimationViewController.m */; };
		F1E8A091203F180A00410AD7 /* HDAnimationModel.m in Sources */ = {isa = PBXBuildFile; fileRef = F1E8A090203F180A00410AD7 /* HDAnimationModel.m */; };
		F1FC13ED2027536B00CA169D /* AppDelegate.m in Sources */ = {isa = PBXBuildFile; fileRef = F1FC13EC2027536B00CA169D /* AppDelegate.m */; };
		F1FC13F02027536B00CA169D /* ViewController.m in Sources */ = {isa = PBXBuildFile; fileRef = F1FC13EF2027536B00CA169D /* ViewController.m */; };
		F1FC13F32027536B00CA169D /* Main.storyboard in Resources */ = {isa = PBXBuildFile; fileRef = F1FC13F12027536B00CA169D /* Main.storyboard */; };
		F1FC13F52027536B00CA169D /* Assets.xcassets in Resources */ = {isa = PBXBuildFile; fileRef = F1FC13F42027536B00CA169D /* Assets.xcassets */; };
		F1FC13F82027536B00CA169D /* LaunchScreen.storyboard in Resources */ = {isa = PBXBuildFile; fileRef = F1FC13F62027536B00CA169D /* LaunchScreen.storyboard */; };
		F1FC13FB2027536B00CA169D /* main.m in Sources */ = {isa = PBXBuildFile; fileRef = F1FC13FA2027536B00CA169D /* main.m */; };
		F1FC14052027536C00CA169D /* HDUtilsTests.m in Sources */ = {isa = PBXBuildFile; fileRef = F1FC14042027536C00CA169D /* HDUtilsTests.m */; };
		F1FC14102027536C00CA169D /* HDUtilsUITests.m in Sources */ = {isa = PBXBuildFile; fileRef = F1FC140F2027536C00CA169D /* HDUtilsUITests.m */; };
		F1FC14202027542100CA169D /* HDShowViewController.m in Sources */ = {isa = PBXBuildFile; fileRef = F1FC141F2027542100CA169D /* HDShowViewController.m */; };
		F1FC1424202755C200CA169D /* KeyBoardHeihgtViewController.m in Sources */ = {isa = PBXBuildFile; fileRef = F1FC1423202755C200CA169D /* KeyBoardHeihgtViewController.m */; };
		F1FC1427202755EB00CA169D /* HDKeyBoardHeightUtil.m in Sources */ = {isa = PBXBuildFile; fileRef = F1FC1426202755EB00CA169D /* HDKeyBoardHeightUtil.m */; };
		F1FC142B2027613500CA169D /* HDColorUtil.m in Sources */ = {isa = PBXBuildFile; fileRef = F1FC142A2027613500CA169D /* HDColorUtil.m */; };
/* End PBXBuildFile section */

/* Begin PBXContainerItemProxy section */
		F1FC14012027536C00CA169D /* PBXContainerItemProxy */ = {
			isa = PBXContainerItemProxy;
			containerPortal = F1FC13E02027536B00CA169D /* Project object */;
			proxyType = 1;
			remoteGlobalIDString = F1FC13E72027536B00CA169D;
			remoteInfo = HDUtils;
		};
		F1FC140C2027536C00CA169D /* PBXContainerItemProxy */ = {
			isa = PBXContainerItemProxy;
			containerPortal = F1FC13E02027536B00CA169D /* Project object */;
			proxyType = 1;
			remoteGlobalIDString = F1FC13E72027536B00CA169D;
			remoteInfo = HDUtils;
		};
/* End PBXContainerItemProxy section */

/* Begin PBXFileReference section */
		F10B6DBF203FF9BC00AEF664 /* HDDefault.h */ = {isa = PBXFileReference; fileEncoding = 4; lastKnownFileType = sourcecode.c.h; path = HDDefault.h; sourceTree = "<group>"; };
		F10B6DC2203FF9BC00AEF664 /* UIColor+RGB.h */ = {isa = PBXFileReference; fileEncoding = 4; lastKnownFileType = sourcecode.c.h; path = "UIColor+RGB.h"; sourceTree = "<group>"; };
		F10B6DC3203FF9BC00AEF664 /* UIColor+RGB解释.pages */ = {isa = PBXFileReference; lastKnownFileType = file; path = "UIColor+RGB解释.pages"; sourceTree = "<group>"; };
		F10B6DC4203FF9BC00AEF664 /* UIColor+RGB.m */ = {isa = PBXFileReference; fileEncoding = 4; lastKnownFileType = sourcecode.c.objc; path = "UIColor+RGB.m"; sourceTree = "<group>"; };
		F10B6DC6203FF9BC00AEF664 /* UIView+FRAME_SET.m */ = {isa = PBXFileReference; fileEncoding = 4; lastKnownFileType = sourcecode.c.objc; path = "UIView+FRAME_SET.m"; sourceTree = "<group>"; };
		F10B6DC7203FF9BC00AEF664 /* UIView+FRAME_SET.h */ = {isa = PBXFileReference; fileEncoding = 4; lastKnownFileType = sourcecode.c.h; path = "UIView+FRAME_SET.h"; sourceTree = "<group>"; };
		F10B6DC8203FF9BC00AEF664 /* frame.pages */ = {isa = PBXFileReference; lastKnownFileType = file; path = frame.pages; sourceTree = "<group>"; };
		F10B6DCA203FF9BC00AEF664 /* UIFont+PxToSize.m */ = {isa = PBXFileReference; fileEncoding = 4; lastKnownFileType = sourcecode.c.objc; path = "UIFont+PxToSize.m"; sourceTree = "<group>"; };
		F10B6DCB203FF9BC00AEF664 /* font.pages */ = {isa = PBXFileReference; lastKnownFileType = file; path = font.pages; sourceTree = "<group>"; };
		F10B6DCC203FF9BC00AEF664 /* UIFont+PxToSize.h */ = {isa = PBXFileReference; fileEncoding = 4; lastKnownFileType = sourcecode.c.h; path = "UIFont+PxToSize.h"; sourceTree = "<group>"; };
		F10B6DCD203FF9BC00AEF664 /* HDDefault.m */ = {isa = PBXFileReference; fileEncoding = 4; lastKnownFileType = sourcecode.c.objc; path = HDDefault.m; sourceTree = "<group>"; };
		F114262A202F38A6000D6ACA /* DateViewController.h */ = {isa = PBXFileReference; lastKnownFileType = sourcecode.c.h; path = DateViewController.h; sourceTree = "<group>"; };
		F114262B202F38A6000D6ACA /* DateViewController.m */ = {isa = PBXFileReference; lastKnownFileType = sourcecode.c.objc; path = DateViewController.m; sourceTree = "<group>"; };
		F114262C202F38A6000D6ACA /* DateViewController.xib */ = {isa = PBXFileReference; lastKnownFileType = file.xib; path = DateViewController.xib; sourceTree = "<group>"; };
		F114262F202F3A70000D6ACA /* NSDate+Time.h */ = {isa = PBXFileReference; fileEncoding = 4; lastKnownFileType = sourcecode.c.h; path = "NSDate+Time.h"; sourceTree = "<group>"; };
		F1142630202F3A70000D6ACA /* NSDate+Time.m */ = {isa = PBXFileReference; fileEncoding = 4; lastKnownFileType = sourcecode.c.objc; path = "NSDate+Time.m"; sourceTree = "<group>"; };
		F1142632202F3ADA000D6ACA /* NSString+date.h */ = {isa = PBXFileReference; lastKnownFileType = sourcecode.c.h; path = "NSString+date.h"; sourceTree = "<group>"; };
		F1142633202F3ADA000D6ACA /* NSString+date.m */ = {isa = PBXFileReference; lastKnownFileType = sourcecode.c.objc; path = "NSString+date.m"; sourceTree = "<group>"; };
		F12AEAC52033F6A10028C01C /* NSObject+Util.h */ = {isa = PBXFileReference; lastKnownFileType = sourcecode.c.h; path = "NSObject+Util.h"; sourceTree = "<group>"; };
		F12AEAC62033F6A10028C01C /* NSObject+Util.m */ = {isa = PBXFileReference; lastKnownFileType = sourcecode.c.objc; path = "NSObject+Util.m"; sourceTree = "<group>"; };
		F12AEAC920347C860028C01C /* HDValite.h */ = {isa = PBXFileReference; fileEncoding = 4; lastKnownFileType = sourcecode.c.h; path = HDValite.h; sourceTree = "<group>"; };
		F12AEACA20347C860028C01C /* HDValite.m */ = {isa = PBXFileReference; fileEncoding = 4; lastKnownFileType = sourcecode.c.objc; path = HDValite.m; sourceTree = "<group>"; };
		F169A9042028AECC0036805F /* HDNullUtil.h */ = {isa = PBXFileReference; lastKnownFileType = sourcecode.c.h; path = HDNullUtil.h; sourceTree = "<group>"; };
		F169A9052028AECC0036805F /* HDNullUtil.m */ = {isa = PBXFileReference; lastKnownFileType = sourcecode.c.objc; path = HDNullUtil.m; sourceTree = "<group>"; };
		F169A9082028B0AC0036805F /* HDTip.m */ = {isa = PBXFileReference; fileEncoding = 4; lastKnownFileType = sourcecode.c.objc; path = HDTip.m; sourceTree = "<group>"; };
		F169A9092028B0AC0036805F /* HDTip.h */ = {isa = PBXFileReference; fileEncoding = 4; lastKnownFileType = sourcecode.c.h; path = HDTip.h; sourceTree = "<group>"; };
		F169A90B2028B1E90036805F /* NullViewController.h */ = {isa = PBXFileReference; lastKnownFileType = sourcecode.c.h; path = NullViewController.h; sourceTree = "<group>"; };
		F169A90C2028B1E90036805F /* NullViewController.m */ = {isa = PBXFileReference; lastKnownFileType = sourcecode.c.objc; path = NullViewController.m; sourceTree = "<group>"; };
		F169A90D2028B1E90036805F /* NullViewController.xib */ = {isa = PBXFileReference; lastKnownFileType = file.xib; path = NullViewController.xib; sourceTree = "<group>"; };
		F1E8A087203F0EDE00410AD7 /* animation.pages */ = {isa = PBXFileReference; lastKnownFileType = file; path = animation.pages; sourceTree = "<group>"; };
		F1E8A089203F0F5E00410AD7 /* HDAnimationUtil.h */ = {isa = PBXFileReference; lastKnownFileType = sourcecode.c.h; path = HDAnimationUtil.h; sourceTree = "<group>"; };
		F1E8A08A203F0F5E00410AD7 /* HDAnimationUtil.m */ = {isa = PBXFileReference; lastKnownFileType = sourcecode.c.objc; path = HDAnimationUtil.m; sourceTree = "<group>"; };
		F1E8A08C203F113600410AD7 /* AnimationViewController.h */ = {isa = PBXFileReference; lastKnownFileType = sourcecode.c.h; path = AnimationViewController.h; sourceTree = "<group>"; };
		F1E8A08D203F113600410AD7 /* AnimationViewController.m */ = {isa = PBXFileReference; lastKnownFileType = sourcecode.c.objc; path = AnimationViewController.m; sourceTree = "<group>"; };
		F1E8A08F203F180A00410AD7 /* HDAnimationModel.h */ = {isa = PBXFileReference; lastKnownFileType = sourcecode.c.h; path = HDAnimationModel.h; sourceTree = "<group>"; };
		F1E8A090203F180A00410AD7 /* HDAnimationModel.m */ = {isa = PBXFileReference; lastKnownFileType = sourcecode.c.objc; path = HDAnimationModel.m; sourceTree = "<group>"; };
		F1FC13E82027536B00CA169D /* HDUtils.app */ = {isa = PBXFileReference; explicitFileType = wrapper.application; includeInIndex = 0; path = HDUtils.app; sourceTree = BUILT_PRODUCTS_DIR; };
		F1FC13EB2027536B00CA169D /* AppDelegate.h */ = {isa = PBXFileReference; lastKnownFileType = sourcecode.c.h; path = AppDelegate.h; sourceTree = "<group>"; };
		F1FC13EC2027536B00CA169D /* AppDelegate.m */ = {isa = PBXFileReference; lastKnownFileType = sourcecode.c.objc; path = AppDelegate.m; sourceTree = "<group>"; };
		F1FC13EE2027536B00CA169D /* ViewController.h */ = {isa = PBXFileReference; lastKnownFileType = sourcecode.c.h; path = ViewController.h; sourceTree = "<group>"; };
		F1FC13EF2027536B00CA169D /* ViewController.m */ = {isa = PBXFileReference; lastKnownFileType = sourcecode.c.objc; path = ViewController.m; sourceTree = "<group>"; };
		F1FC13F22027536B00CA169D /* Base */ = {isa = PBXFileReference; lastKnownFileType = file.storyboard; name = Base; path = Base.lproj/Main.storyboard; sourceTree = "<group>"; };
		F1FC13F42027536B00CA169D /* Assets.xcassets */ = {isa = PBXFileReference; lastKnownFileType = folder.assetcatalog; path = Assets.xcassets; sourceTree = "<group>"; };
		F1FC13F72027536B00CA169D /* Base */ = {isa = PBXFileReference; lastKnownFileType = file.storyboard; name = Base; path = Base.lproj/LaunchScreen.storyboard; sourceTree = "<group>"; };
		F1FC13F92027536B00CA169D /* Info.plist */ = {isa = PBXFileReference; lastKnownFileType = text.plist.xml; path = Info.plist; sourceTree = "<group>"; };
		F1FC13FA2027536B00CA169D /* main.m */ = {isa = PBXFileReference; lastKnownFileType = sourcecode.c.objc; path = main.m; sourceTree = "<group>"; };
		F1FC14002027536C00CA169D /* HDUtilsTests.xctest */ = {isa = PBXFileReference; explicitFileType = wrapper.cfbundle; includeInIndex = 0; path = HDUtilsTests.xctest; sourceTree = BUILT_PRODUCTS_DIR; };
		F1FC14042027536C00CA169D /* HDUtilsTests.m */ = {isa = PBXFileReference; lastKnownFileType = sourcecode.c.objc; path = HDUtilsTests.m; sourceTree = "<group>"; };
		F1FC14062027536C00CA169D /* Info.plist */ = {isa = PBXFileReference; lastKnownFileType = text.plist.xml; path = Info.plist; sourceTree = "<group>"; };
		F1FC140B2027536C00CA169D /* HDUtilsUITests.xctest */ = {isa = PBXFileReference; explicitFileType = wrapper.cfbundle; includeInIndex = 0; path = HDUtilsUITests.xctest; sourceTree = BUILT_PRODUCTS_DIR; };
		F1FC140F2027536C00CA169D /* HDUtilsUITests.m */ = {isa = PBXFileReference; lastKnownFileType = sourcecode.c.objc; path = HDUtilsUITests.m; sourceTree = "<group>"; };
		F1FC14112027536C00CA169D /* Info.plist */ = {isa = PBXFileReference; lastKnownFileType = text.plist.xml; path = Info.plist; sourceTree = "<group>"; };
		F1FC141E2027542100CA169D /* HDShowViewController.h */ = {isa = PBXFileReference; lastKnownFileType = sourcecode.c.h; path = HDShowViewController.h; sourceTree = "<group>"; };
		F1FC141F2027542100CA169D /* HDShowViewController.m */ = {isa = PBXFileReference; lastKnownFileType = sourcecode.c.objc; path = HDShowViewController.m; sourceTree = "<group>"; };
		F1FC1422202755C200CA169D /* KeyBoardHeihgtViewController.h */ = {isa = PBXFileReference; lastKnownFileType = sourcecode.c.h; path = KeyBoardHeihgtViewController.h; sourceTree = "<group>"; };
		F1FC1423202755C200CA169D /* KeyBoardHeihgtViewController.m */ = {isa = PBXFileReference; lastKnownFileType = sourcecode.c.objc; path = KeyBoardHeihgtViewController.m; sourceTree = "<group>"; };
		F1FC1425202755EB00CA169D /* HDKeyBoardHeightUtil.h */ = {isa = PBXFileReference; lastKnownFileType = sourcecode.c.h; path = HDKeyBoardHeightUtil.h; sourceTree = "<group>"; };
		F1FC1426202755EB00CA169D /* HDKeyBoardHeightUtil.m */ = {isa = PBXFileReference; lastKnownFileType = sourcecode.c.objc; path = HDKeyBoardHeightUtil.m; sourceTree = "<group>"; };
		F1FC14292027613500CA169D /* HDColorUtil.h */ = {isa = PBXFileReference; lastKnownFileType = sourcecode.c.h; path = HDColorUtil.h; sourceTree = "<group>"; };
		F1FC142A2027613500CA169D /* HDColorUtil.m */ = {isa = PBXFileReference; lastKnownFileType = sourcecode.c.objc; path = HDColorUtil.m; sourceTree = "<group>"; };
/* End PBXFileReference section */

/* Begin PBXFrameworksBuildPhase section */
		F1FC13E52027536B00CA169D /* Frameworks */ = {
			isa = PBXFrameworksBuildPhase;
			buildActionMask = 2147483647;
			files = (
			);
			runOnlyForDeploymentPostprocessing = 0;
		};
		F1FC13FD2027536C00CA169D /* Frameworks */ = {
			isa = PBXFrameworksBuildPhase;
			buildActionMask = 2147483647;
			files = (
			);
			runOnlyForDeploymentPostprocessing = 0;
		};
		F1FC14082027536C00CA169D /* Frameworks */ = {
			isa = PBXFrameworksBuildPhase;
			buildActionMask = 2147483647;
			files = (
			);
			runOnlyForDeploymentPostprocessing = 0;
		};
/* End PBXFrameworksBuildPhase section */

/* Begin PBXGroup section */
		F10B6DBE203FF9A100AEF664 /* lib */ = {
			isa = PBXGroup;
			children = (
				F10B6DC0203FF9BC00AEF664 /* core1 */,
				F10B6DBF203FF9BC00AEF664 /* HDDefault.h */,
				F10B6DCD203FF9BC00AEF664 /* HDDefault.m */,
			);
			path = lib;
			sourceTree = "<group>";
		};
		F10B6DC0203FF9BC00AEF664 /* core1 */ = {
			isa = PBXGroup;
			children = (
				F10B6DC1203FF9BC00AEF664 /* color */,
				F10B6DC5203FF9BC00AEF664 /* frame */,
				F10B6DC9203FF9BC00AEF664 /* font */,
			);
			path = core1;
			sourceTree = "<group>";
		};
		F10B6DC1203FF9BC00AEF664 /* color */ = {
			isa = PBXGroup;
			children = (
				F10B6DC2203FF9BC00AEF664 /* UIColor+RGB.h */,
				F10B6DC3203FF9BC00AEF664 /* UIColor+RGB解释.pages */,
				F10B6DC4203FF9BC00AEF664 /* UIColor+RGB.m */,
			);
			path = color;
			sourceTree = "<group>";
		};
		F10B6DC5203FF9BC00AEF664 /* frame */ = {
			isa = PBXGroup;
			children = (
				F10B6DC6203FF9BC00AEF664 /* UIView+FRAME_SET.m */,
				F10B6DC7203FF9BC00AEF664 /* UIView+FRAME_SET.h */,
				F10B6DC8203FF9BC00AEF664 /* frame.pages */,
			);
			path = frame;
			sourceTree = "<group>";
		};
		F10B6DC9203FF9BC00AEF664 /* font */ = {
			isa = PBXGroup;
			children = (
				F10B6DCA203FF9BC00AEF664 /* UIFont+PxToSize.m */,
				F10B6DCB203FF9BC00AEF664 /* font.pages */,
				F10B6DCC203FF9BC00AEF664 /* UIFont+PxToSize.h */,
			);
			path = font;
			sourceTree = "<group>";
		};
		F1142629202F3862000D6ACA /* DateUtil */ = {
			isa = PBXGroup;
			children = (
				F114262F202F3A70000D6ACA /* NSDate+Time.h */,
				F1142630202F3A70000D6ACA /* NSDate+Time.m */,
				F114262A202F38A6000D6ACA /* DateViewController.h */,
				F114262B202F38A6000D6ACA /* DateViewController.m */,
				F114262C202F38A6000D6ACA /* DateViewController.xib */,
				F1142632202F3ADA000D6ACA /* NSString+date.h */,
				F1142633202F3ADA000D6ACA /* NSString+date.m */,
			);
			path = DateUtil;
			sourceTree = "<group>";
		};
		F12AEAC42033F66A0028C01C /* object */ = {
			isa = PBXGroup;
			children = (
				F12AEAC52033F6A10028C01C /* NSObject+Util.h */,
				F12AEAC62033F6A10028C01C /* NSObject+Util.m */,
			);
			path = object;
			sourceTree = "<group>";
		};
		F12AEAC820347C750028C01C /* valite */ = {
			isa = PBXGroup;
			children = (
				F12AEAC920347C860028C01C /* HDValite.h */,
				F12AEACA20347C860028C01C /* HDValite.m */,
			);
			path = valite;
			sourceTree = "<group>";
		};
		F169A9032028AE440036805F /* nullUtil */ = {
			isa = PBXGroup;
			children = (
				F169A9042028AECC0036805F /* HDNullUtil.h */,
				F169A9052028AECC0036805F /* HDNullUtil.m */,
				F169A90B2028B1E90036805F /* NullViewController.h */,
				F169A90C2028B1E90036805F /* NullViewController.m */,
				F169A90D2028B1E90036805F /* NullViewController.xib */,
			);
			path = nullUtil;
			sourceTree = "<group>";
		};
		F169A9072028B0980036805F /* myLib */ = {
			isa = PBXGroup;
			children = (
				F169A9092028B0AC0036805F /* HDTip.h */,
				F169A9082028B0AC0036805F /* HDTip.m */,
			);
			path = myLib;
			sourceTree = "<group>";
		};
		F1E8A086203F0EDE00410AD7 /* animation */ = {
			isa = PBXGroup;
			children = (
				F1E8A087203F0EDE00410AD7 /* animation.pages */,
				F1E8A089203F0F5E00410AD7 /* HDAnimationUtil.h */,
				F1E8A08A203F0F5E00410AD7 /* HDAnimationUtil.m */,
				F1E8A08C203F113600410AD7 /* AnimationViewController.h */,
				F1E8A08D203F113600410AD7 /* AnimationViewController.m */,
				F1E8A08F203F180A00410AD7 /* HDAnimationModel.h */,
				F1E8A090203F180A00410AD7 /* HDAnimationModel.m */,
			);
			path = animation;
			sourceTree = "<group>";
		};
		F1FC13DF2027536B00CA169D = {
			isa = PBXGroup;
			children = (
				F1FC13EA2027536B00CA169D /* HDUtils */,
				F1FC14032027536C00CA169D /* HDUtilsTests */,
				F1FC140E2027536C00CA169D /* HDUtilsUITests */,
				F1FC13E92027536B00CA169D /* Products */,
			);
			sourceTree = "<group>";
		};
		F1FC13E92027536B00CA169D /* Products */ = {
			isa = PBXGroup;
			children = (
				F1FC13E82027536B00CA169D /* HDUtils.app */,
				F1FC14002027536C00CA169D /* HDUtilsTests.xctest */,
				F1FC140B2027536C00CA169D /* HDUtilsUITests.xctest */,
			);
			name = Products;
			sourceTree = "<group>";
		};
		F1FC13EA2027536B00CA169D /* HDUtils */ = {
			isa = PBXGroup;
			children = (
				F1FC141D202753B000CA169D /* New Group */,
				F1FC13EB2027536B00CA169D /* AppDelegate.h */,
				F1FC13EC2027536B00CA169D /* AppDelegate.m */,
				F1FC13EE2027536B00CA169D /* ViewController.h */,
				F1FC13EF2027536B00CA169D /* ViewController.m */,
				F1FC13F12027536B00CA169D /* Main.storyboard */,
				F1FC13F42027536B00CA169D /* Assets.xcassets */,
				F1FC13F62027536B00CA169D /* LaunchScreen.storyboard */,
				F1FC13F92027536B00CA169D /* Info.plist */,
				F1FC13FA2027536B00CA169D /* main.m */,
				F1FC141E2027542100CA169D /* HDShowViewController.h */,
				F1FC141F2027542100CA169D /* HDShowViewController.m */,
			);
			path = HDUtils;
			sourceTree = "<group>";
		};
		F1FC14032027536C00CA169D /* HDUtilsTests */ = {
			isa = PBXGroup;
			children = (
				F1FC14042027536C00CA169D /* HDUtilsTests.m */,
				F1FC14062027536C00CA169D /* Info.plist */,
			);
			path = HDUtilsTests;
			sourceTree = "<group>";
		};
		F1FC140E2027536C00CA169D /* HDUtilsUITests */ = {
			isa = PBXGroup;
			children = (
				F1FC140F2027536C00CA169D /* HDUtilsUITests.m */,
				F1FC14112027536C00CA169D /* Info.plist */,
			);
			path = HDUtilsUITests;
			sourceTree = "<group>";
		};
		F1FC141D202753B000CA169D /* New Group */ = {
			isa = PBXGroup;
			children = (
				F10B6DBE203FF9A100AEF664 /* lib */,
				F1E8A086203F0EDE00410AD7 /* animation */,
				F12AEAC820347C750028C01C /* valite */,
				F12AEAC42033F66A0028C01C /* object */,
				F1142629202F3862000D6ACA /* DateUtil */,
				F169A9072028B0980036805F /* myLib */,
				F169A9032028AE440036805F /* nullUtil */,
				F1FC14282027611600CA169D /* colorUtil */,
				F1FC14212027559100CA169D /* keyboardHeightUtil */,
			);
			path = "New Group";
			sourceTree = "<group>";
		};
		F1FC14212027559100CA169D /* keyboardHeightUtil */ = {
			isa = PBXGroup;
			children = (
				F1FC1422202755C200CA169D /* KeyBoardHeihgtViewController.h */,
				F1FC1423202755C200CA169D /* KeyBoardHeihgtViewController.m */,
				F1FC1425202755EB00CA169D /* HDKeyBoardHeightUtil.h */,
				F1FC1426202755EB00CA169D /* HDKeyBoardHeightUtil.m */,
			);
			path = keyboardHeightUtil;
			sourceTree = "<group>";
		};
		F1FC14282027611600CA169D /* colorUtil */ = {
			isa = PBXGroup;
			children = (
				F1FC14292027613500CA169D /* HDColorUtil.h */,
				F1FC142A2027613500CA169D /* HDColorUtil.m */,
			);
			path = colorUtil;
			sourceTree = "<group>";
		};
/* End PBXGroup section */

/* Begin PBXNativeTarget section */
		F1FC13E72027536B00CA169D /* HDUtils */ = {
			isa = PBXNativeTarget;
			buildConfigurationList = F1FC14142027536C00CA169D /* Build configuration list for PBXNativeTarget "HDUtils" */;
			buildPhases = (
				F1FC13E42027536B00CA169D /* Sources */,
				F1FC13E52027536B00CA169D /* Frameworks */,
				F1FC13E62027536B00CA169D /* Resources */,
			);
			buildRules = (
			);
			dependencies = (
			);
			name = HDUtils;
			productName = HDUtils;
			productReference = F1FC13E82027536B00CA169D /* HDUtils.app */;
			productType = "com.apple.product-type.application";
		};
		F1FC13FF2027536C00CA169D /* HDUtilsTests */ = {
			isa = PBXNativeTarget;
			buildConfigurationList = F1FC14172027536C00CA169D /* Build configuration list for PBXNativeTarget "HDUtilsTests" */;
			buildPhases = (
				F1FC13FC2027536C00CA169D /* Sources */,
				F1FC13FD2027536C00CA169D /* Frameworks */,
				F1FC13FE2027536C00CA169D /* Resources */,
			);
			buildRules = (
			);
			dependencies = (
				F1FC14022027536C00CA169D /* PBXTargetDependency */,
			);
			name = HDUtilsTests;
			productName = HDUtilsTests;
			productReference = F1FC14002027536C00CA169D /* HDUtilsTests.xctest */;
			productType = "com.apple.product-type.bundle.unit-test";
		};
		F1FC140A2027536C00CA169D /* HDUtilsUITests */ = {
			isa = PBXNativeTarget;
			buildConfigurationList = F1FC141A2027536C00CA169D /* Build configuration list for PBXNativeTarget "HDUtilsUITests" */;
			buildPhases = (
				F1FC14072027536C00CA169D /* Sources */,
				F1FC14082027536C00CA169D /* Frameworks */,
				F1FC14092027536C00CA169D /* Resources */,
			);
			buildRules = (
			);
			dependencies = (
				F1FC140D2027536C00CA169D /* PBXTargetDependency */,
			);
			name = HDUtilsUITests;
			productName = HDUtilsUITests;
			productReference = F1FC140B2027536C00CA169D /* HDUtilsUITests.xctest */;
			productType = "com.apple.product-type.bundle.ui-testing";
		};
/* End PBXNativeTarget section */

/* Begin PBXProject section */
		F1FC13E02027536B00CA169D /* Project object */ = {
			isa = PBXProject;
			attributes = {
				LastUpgradeCheck = 0920;
				ORGANIZATIONNAME = "郑华栋";
				TargetAttributes = {
					F1FC13E72027536B00CA169D = {
						CreatedOnToolsVersion = 9.2;
						ProvisioningStyle = Automatic;
					};
					F1FC13FF2027536C00CA169D = {
						CreatedOnToolsVersion = 9.2;
						ProvisioningStyle = Automatic;
						TestTargetID = F1FC13E72027536B00CA169D;
					};
					F1FC140A2027536C00CA169D = {
						CreatedOnToolsVersion = 9.2;
						ProvisioningStyle = Automatic;
						TestTargetID = F1FC13E72027536B00CA169D;
					};
				};
			};
			buildConfigurationList = F1FC13E32027536B00CA169D /* Build configuration list for PBXProject "HDUtils" */;
			compatibilityVersion = "Xcode 8.0";
			developmentRegion = en;
			hasScannedForEncodings = 0;
			knownRegions = (
				en,
				Base,
			);
			mainGroup = F1FC13DF2027536B00CA169D;
			productRefGroup = F1FC13E92027536B00CA169D /* Products */;
			projectDirPath = "";
			projectRoot = "";
			targets = (
				F1FC13E72027536B00CA169D /* HDUtils */,
				F1FC13FF2027536C00CA169D /* HDUtilsTests */,
				F1FC140A2027536C00CA169D /* HDUtilsUITests */,
			);
		};
/* End PBXProject section */

/* Begin PBXResourcesBuildPhase section */
		F1FC13E62027536B00CA169D /* Resources */ = {
			isa = PBXResourcesBuildPhase;
			buildActionMask = 2147483647;
			files = (
				F1FC13F82027536B00CA169D /* LaunchScreen.storyboard in Resources */,
				F1E8A088203F0EDE00410AD7 /* animation.pages in Resources */,
				F169A90F2028B1E90036805F /* NullViewController.xib in Resources */,
				F10B6DCE203FF9BC00AEF664 /* UIColor+RGB解释.pages in Resources */,
				F10B6DD1203FF9BC00AEF664 /* frame.pages in Resources */,
				F1FC13F52027536B00CA169D /* Assets.xcassets in Resources */,
				F10B6DD3203FF9BC00AEF664 /* font.pages in Resources */,
				F1FC13F32027536B00CA169D /* Main.storyboard in Resources */,
				F114262E202F38A6000D6ACA /* DateViewController.xib in Resources */,
			);
			runOnlyForDeploymentPostprocessing = 0;
		};
		F1FC13FE2027536C00CA169D /* Resources */ = {
			isa = PBXResourcesBuildPhase;
			buildActionMask = 2147483647;
			files = (
			);
			runOnlyForDeploymentPostprocessing = 0;
		};
		F1FC14092027536C00CA169D /* Resources */ = {
			isa = PBXResourcesBuildPhase;
			buildActionMask = 2147483647;
			files = (
			);
			runOnlyForDeploymentPostprocessing = 0;
		};
/* End PBXResourcesBuildPhase section */

/* Begin PBXSourcesBuildPhase section */
		F1FC13E42027536B00CA169D /* Sources */ = {
			isa = PBXSourcesBuildPhase;
			buildActionMask = 2147483647;
			files = (
				F1FC1424202755C200CA169D /* KeyBoardHeihgtViewController.m in Sources */,
				F10B6DD2203FF9BC00AEF664 /* UIFont+PxToSize.m in Sources */,
				F10B6DCF203FF9BC00AEF664 /* UIColor+RGB.m in Sources */,
				F1FC13F02027536B00CA169D /* ViewController.m in Sources */,
				F114262D202F38A6000D6ACA /* DateViewController.m in Sources */,
				F1FC14202027542100CA169D /* HDShowViewController.m in Sources */,
				F1FC13FB2027536B00CA169D /* main.m in Sources */,
				F1142631202F3A71000D6ACA /* NSDate+Time.m in Sources */,
				F10B6DD0203FF9BC00AEF664 /* UIView+FRAME_SET.m in Sources */,
				F10B6DD4203FF9BC00AEF664 /* HDDefault.m in Sources */,
				F1E8A08B203F0F5E00410AD7 /* HDAnimationUtil.m in Sources */,
				F169A9062028AECC0036805F /* HDNullUtil.m in Sources */,
				F12AEACB20347C860028C01C /* HDValite.m in Sources */,
				F1E8A08E203F113600410AD7 /* AnimationViewController.m in Sources */,
				F12AEAC72033F6A10028C01C /* NSObject+Util.m in Sources */,
				F1FC13ED2027536B00CA169D /* AppDelegate.m in Sources */,
				F169A90A2028B0AC0036805F /* HDTip.m in Sources */,
				F1142634202F3ADA000D6ACA /* NSString+date.m in Sources */,
				F1E8A091203F180A00410AD7 /* HDAnimationModel.m in Sources */,
				F169A90E2028B1E90036805F /* NullViewController.m in Sources */,
				F1FC1427202755EB00CA169D /* HDKeyBoardHeightUtil.m in Sources */,
				F1FC142B2027613500CA169D /* HDColorUtil.m in Sources */,
			);
			runOnlyForDeploymentPostprocessing = 0;
		};
		F1FC13FC2027536C00CA169D /* Sources */ = {
			isa = PBXSourcesBuildPhase;
			buildActionMask = 2147483647;
			files = (
				F1FC14052027536C00CA169D /* HDUtilsTests.m in Sources */,
			);
			runOnlyForDeploymentPostprocessing = 0;
		};
		F1FC14072027536C00CA169D /* Sources */ = {
			isa = PBXSourcesBuildPhase;
			buildActionMask = 2147483647;
			files = (
				F1FC14102027536C00CA169D /* HDUtilsUITests.m in Sources */,
			);
			runOnlyForDeploymentPostprocessing = 0;
		};
/* End PBXSourcesBuildPhase section */

/* Begin PBXTargetDependency section */
		F1FC14022027536C00CA169D /* PBXTargetDependency */ = {
			isa = PBXTargetDependency;
			target = F1FC13E72027536B00CA169D /* HDUtils */;
			targetProxy = F1FC14012027536C00CA169D /* PBXContainerItemProxy */;
		};
		F1FC140D2027536C00CA169D /* PBXTargetDependency */ = {
			isa = PBXTargetDependency;
			target = F1FC13E72027536B00CA169D /* HDUtils */;
			targetProxy = F1FC140C2027536C00CA169D /* PBXContainerItemProxy */;
		};
/* End PBXTargetDependency section */

/* Begin PBXVariantGroup section */
		F1FC13F12027536B00CA169D /* Main.storyboard */ = {
			isa = PBXVariantGroup;
			children = (
				F1FC13F22027536B00CA169D /* Base */,
			);
			name = Main.storyboard;
			sourceTree = "<group>";
		};
		F1FC13F62027536B00CA169D /* LaunchScreen.storyboard */ = {
			isa = PBXVariantGroup;
			children = (
				F1FC13F72027536B00CA169D /* Base */,
			);
			name = LaunchScreen.storyboard;
			sourceTree = "<group>";
		};
/* End PBXVariantGroup section */

/* Begin XCBuildConfiguration section */
		F1FC14122027536C00CA169D /* Debug */ = {
			isa = XCBuildConfiguration;
			buildSettings = {
				ALWAYS_SEARCH_USER_PATHS = NO;
				CLANG_ANALYZER_NONNULL = YES;
				CLANG_ANALYZER_NUMBER_OBJECT_CONVERSION = YES_AGGRESSIVE;
				CLANG_CXX_LANGUAGE_STANDARD = "gnu++14";
				CLANG_CXX_LIBRARY = "libc++";
				CLANG_ENABLE_MODULES = YES;
				CLANG_ENABLE_OBJC_ARC = YES;
				CLANG_WARN_BLOCK_CAPTURE_AUTORELEASING = YES;
				CLANG_WARN_BOOL_CONVERSION = YES;
				CLANG_WARN_COMMA = YES;
				CLANG_WARN_CONSTANT_CONVERSION = YES;
				CLANG_WARN_DIRECT_OBJC_ISA_USAGE = YES_ERROR;
				CLANG_WARN_DOCUMENTATION_COMMENTS = YES;
				CLANG_WARN_EMPTY_BODY = YES;
				CLANG_WARN_ENUM_CONVERSION = YES;
				CLANG_WARN_INFINITE_RECURSION = YES;
				CLANG_WARN_INT_CONVERSION = YES;
				CLANG_WARN_NON_LITERAL_NULL_CONVERSION = YES;
				CLANG_WARN_OBJC_LITERAL_CONVERSION = YES;
				CLANG_WARN_OBJC_ROOT_CLASS = YES_ERROR;
				CLANG_WARN_RANGE_LOOP_ANALYSIS = YES;
				CLANG_WARN_STRICT_PROTOTYPES = YES;
				CLANG_WARN_SUSPICIOUS_MOVE = YES;
				CLANG_WARN_UNGUARDED_AVAILABILITY = YES_AGGRESSIVE;
				CLANG_WARN_UNREACHABLE_CODE = YES;
				CLANG_WARN__DUPLICATE_METHOD_MATCH = YES;
				CODE_SIGN_IDENTITY = "iPhone Developer";
				COPY_PHASE_STRIP = NO;
				DEBUG_INFORMATION_FORMAT = dwarf;
				ENABLE_STRICT_OBJC_MSGSEND = YES;
				ENABLE_TESTABILITY = YES;
				GCC_C_LANGUAGE_STANDARD = gnu11;
				GCC_DYNAMIC_NO_PIC = NO;
				GCC_NO_COMMON_BLOCKS = YES;
				GCC_OPTIMIZATION_LEVEL = 0;
				GCC_PREPROCESSOR_DEFINITIONS = (
					"DEBUG=1",
					"$(inherited)",
				);
				GCC_WARN_64_TO_32_BIT_CONVERSION = YES;
				GCC_WARN_ABOUT_RETURN_TYPE = YES_ERROR;
				GCC_WARN_UNDECLARED_SELECTOR = YES;
				GCC_WARN_UNINITIALIZED_AUTOS = YES_AGGRESSIVE;
				GCC_WARN_UNUSED_FUNCTION = YES;
				GCC_WARN_UNUSED_VARIABLE = YES;
				IPHONEOS_DEPLOYMENT_TARGET = 11.2;
				MTL_ENABLE_DEBUG_INFO = YES;
				ONLY_ACTIVE_ARCH = YES;
				SDKROOT = iphoneos;
			};
			name = Debug;
		};
		F1FC14132027536C00CA169D /* Release */ = {
			isa = XCBuildConfiguration;
			buildSettings = {
				ALWAYS_SEARCH_USER_PATHS = NO;
				CLANG_ANALYZER_NONNULL = YES;
				CLANG_ANALYZER_NUMBER_OBJECT_CONVERSION = YES_AGGRESSIVE;
				CLANG_CXX_LANGUAGE_STANDARD = "gnu++14";
				CLANG_CXX_LIBRARY = "libc++";
				CLANG_ENABLE_MODULES = YES;
				CLANG_ENABLE_OBJC_ARC = YES;
				CLANG_WARN_BLOCK_CAPTURE_AUTORELEASING = YES;
				CLANG_WARN_BOOL_CONVERSION = YES;
				CLANG_WARN_COMMA = YES;
				CLANG_WARN_CONSTANT_CONVERSION = YES;
				CLANG_WARN_DIRECT_OBJC_ISA_USAGE = YES_ERROR;
				CLANG_WARN_DOCUMENTATION_COMMENTS = YES;
				CLANG_WARN_EMPTY_BODY = YES;
				CLANG_WARN_ENUM_CONVERSION = YES;
				CLANG_WARN_INFINITE_RECURSION = YES;
				CLANG_WARN_INT_CONVERSION = YES;
				CLANG_WARN_NON_LITERAL_NULL_CONVERSION = YES;
				CLANG_WARN_OBJC_LITERAL_CONVERSION = YES;
				CLANG_WARN_OBJC_ROOT_CLASS = YES_ERROR;
				CLANG_WARN_RANGE_LOOP_ANALYSIS = YES;
				CLANG_WARN_STRICT_PROTOTYPES = YES;
				CLANG_WARN_SUSPICIOUS_MOVE = YES;
				CLANG_WARN_UNGUARDED_AVAILABILITY = YES_AGGRESSIVE;
				CLANG_WARN_UNREACHABLE_CODE = YES;
				CLANG_WARN__DUPLICATE_METHOD_MATCH = YES;
				CODE_SIGN_IDENTITY = "iPhone Developer";
				COPY_PHASE_STRIP = NO;
				DEBUG_INFORMATION_FORMAT = "dwarf-with-dsym";
				ENABLE_NS_ASSERTIONS = NO;
				ENABLE_STRICT_OBJC_MSGSEND = YES;
				GCC_C_LANGUAGE_STANDARD = gnu11;
				GCC_NO_COMMON_BLOCKS = YES;
				GCC_WARN_64_TO_32_BIT_CONVERSION = YES;
				GCC_WARN_ABOUT_RETURN_TYPE = YES_ERROR;
				GCC_WARN_UNDECLARED_SELECTOR = YES;
				GCC_WARN_UNINITIALIZED_AUTOS = YES_AGGRESSIVE;
				GCC_WARN_UNUSED_FUNCTION = YES;
				GCC_WARN_UNUSED_VARIABLE = YES;
				IPHONEOS_DEPLOYMENT_TARGET = 11.2;
				MTL_ENABLE_DEBUG_INFO = NO;
				SDKROOT = iphoneos;
				VALIDATE_PRODUCT = YES;
			};
			name = Release;
		};
		F1FC14152027536C00CA169D /* Debug */ = {
			isa = XCBuildConfiguration;
			buildSettings = {
				ASSETCATALOG_COMPILER_APPICON_NAME = AppIcon;
				CODE_SIGN_STYLE = Automatic;
				DEVELOPMENT_TEAM = 6J5PB96A9M;
				INFOPLIST_FILE = HDUtils/Info.plist;
				IPHONEOS_DEPLOYMENT_TARGET = 8.0;
				LD_RUNPATH_SEARCH_PATHS = "$(inherited) @executable_path/Frameworks";
				PRODUCT_BUNDLE_IDENTIFIER = com.zhd.HDUtils;
				PRODUCT_NAME = "$(TARGET_NAME)";
				TARGETED_DEVICE_FAMILY = "1,2";
			};
			name = Debug;
		};
		F1FC14162027536C00CA169D /* Release */ = {
			isa = XCBuildConfiguration;
			buildSettings = {
				ASSETCATALOG_COMPILER_APPICON_NAME = AppIcon;
				CODE_SIGN_STYLE = Automatic;
				DEVELOPMENT_TEAM = 6J5PB96A9M;
				INFOPLIST_FILE = HDUtils/Info.plist;
				IPHONEOS_DEPLOYMENT_TARGET = 8.0;
				LD_RUNPATH_SEARCH_PATHS = "$(inherited) @executable_path/Frameworks";
				PRODUCT_BUNDLE_IDENTIFIER = com.zhd.HDUtils;
				PRODUCT_NAME = "$(TARGET_NAME)";
				TARGETED_DEVICE_FAMILY = "1,2";
			};
			name = Release;
		};
		F1FC14182027536C00CA169D /* Debug */ = {
			isa = XCBuildConfiguration;
			buildSettings = {
				BUNDLE_LOADER = "$(TEST_HOST)";
				CODE_SIGN_STYLE = Automatic;
				DEVELOPMENT_TEAM = 6J5PB96A9M;
				INFOPLIST_FILE = HDUtilsTests/Info.plist;
				LD_RUNPATH_SEARCH_PATHS = "$(inherited) @executable_path/Frameworks @loader_path/Frameworks";
				PRODUCT_BUNDLE_IDENTIFIER = com.zhd.HDUtilsTests;
				PRODUCT_NAME = "$(TARGET_NAME)";
				TARGETED_DEVICE_FAMILY = "1,2";
				TEST_HOST = "$(BUILT_PRODUCTS_DIR)/HDUtils.app/HDUtils";
			};
			name = Debug;
		};
		F1FC14192027536C00CA169D /* Release */ = {
			isa = XCBuildConfiguration;
			buildSettings = {
				BUNDLE_LOADER = "$(TEST_HOST)";
				CODE_SIGN_STYLE = Automatic;
				DEVELOPMENT_TEAM = 6J5PB96A9M;
				INFOPLIST_FILE = HDUtilsTests/Info.plist;
				LD_RUNPATH_SEARCH_PATHS = "$(inherited) @executable_path/Frameworks @loader_path/Frameworks";
				PRODUCT_BUNDLE_IDENTIFIER = com.zhd.HDUtilsTests;
				PRODUCT_NAME = "$(TARGET_NAME)";
				TARGETED_DEVICE_FAMILY = "1,2";
				TEST_HOST = "$(BUILT_PRODUCTS_DIR)/HDUtils.app/HDUtils";
			};
			name = Release;
		};
		F1FC141B2027536C00CA169D /* Debug */ = {
			isa = XCBuildConfiguration;
			buildSettings = {
				CODE_SIGN_STYLE = Automatic;
				DEVELOPMENT_TEAM = 6J5PB96A9M;
				INFOPLIST_FILE = HDUtilsUITests/Info.plist;
				LD_RUNPATH_SEARCH_PATHS = "$(inherited) @executable_path/Frameworks @loader_path/Frameworks";
				PRODUCT_BUNDLE_IDENTIFIER = com.zhd.HDUtilsUITests;
				PRODUCT_NAME = "$(TARGET_NAME)";
				TARGETED_DEVICE_FAMILY = "1,2";
				TEST_TARGET_NAME = HDUtils;
			};
			name = Debug;
		};
		F1FC141C2027536C00CA169D /* Release */ = {
			isa = XCBuildConfiguration;
			buildSettings = {
				CODE_SIGN_STYLE = Automatic;
				DEVELOPMENT_TEAM = 6J5PB96A9M;
				INFOPLIST_FILE = HDUtilsUITests/Info.plist;
				LD_RUNPATH_SEARCH_PATHS = "$(inherited) @executable_path/Frameworks @loader_path/Frameworks";
				PRODUCT_BUNDLE_IDENTIFIER = com.zhd.HDUtilsUITests;
				PRODUCT_NAME = "$(TARGET_NAME)";
				TARGETED_DEVICE_FAMILY = "1,2";
				TEST_TARGET_NAME = HDUtils;
			};
			name = Release;
		};
/* End XCBuildConfiguration section */

/* Begin XCConfigurationList section */
		F1FC13E32027536B00CA169D /* Build configuration list for PBXProject "HDUtils" */ = {
			isa = XCConfigurationList;
			buildConfigurations = (
				F1FC14122027536C00CA169D /* Debug */,
				F1FC14132027536C00CA169D /* Release */,
			);
			defaultConfigurationIsVisible = 0;
			defaultConfigurationName = Release;
		};
		F1FC14142027536C00CA169D /* Build configuration list for PBXNativeTarget "HDUtils" */ = {
			isa = XCConfigurationList;
			buildConfigurations = (
				F1FC14152027536C00CA169D /* Debug */,
				F1FC14162027536C00CA169D /* Release */,
			);
			defaultConfigurationIsVisible = 0;
			defaultConfigurationName = Release;
		};
		F1FC14172027536C00CA169D /* Build configuration list for PBXNativeTarget "HDUtilsTests" */ = {
			isa = XCConfigurationList;
			buildConfigurations = (
				F1FC14182027536C00CA169D /* Debug */,
				F1FC14192027536C00CA169D /* Release */,
			);
			defaultConfigurationIsVisible = 0;
			defaultConfigurationName = Release;
		};
		F1FC141A2027536C00CA169D /* Build configuration list for PBXNativeTarget "HDUtilsUITests" */ = {
			isa = XCConfigurationList;
			buildConfigurations = (
				F1FC141B2027536C00CA169D /* Debug */,
				F1FC141C2027536C00CA169D /* Release */,
			);
			defaultConfigurationIsVisible = 0;
			defaultConfigurationName = Release;
		};
/* End XCConfigurationList section */
	};
	rootObject = F1FC13E02027536B00CA169D /* Project object */;
}
