// !$*UTF8*$!
{
	archiveVersion = 1;
	classes = {
	};
	objectVersion = 48;
	objects = {

/* Begin PBXBuildFile section */
		F1F4551D204244680010EF64 /* AppDelegate.m in Sources */ = {isa = PBXBuildFile; fileRef = F1F4551C204244680010EF64 /* AppDelegate.m */; };
		F1F45520204244680010EF64 /* ViewController.m in Sources */ = {isa = PBXBuildFile; fileRef = F1F4551F204244680010EF64 /* ViewController.m */; };
		F1F45523204244680010EF64 /* Main.storyboard in Resources */ = {isa = PBXBuildFile; fileRef = F1F45521204244680010EF64 /* Main.storyboard */; };
		F1F45525204244680010EF64 /* Assets.xcassets in Resources */ = {isa = PBXBuildFile; fileRef = F1F45524204244680010EF64 /* Assets.xcassets */; };
		F1F45528204244680010EF64 /* LaunchScreen.storyboard in Resources */ = {isa = PBXBuildFile; fileRef = F1F45526204244680010EF64 /* LaunchScreen.storyboard */; };
		F1F4552B204244680010EF64 /* main.m in Sources */ = {isa = PBXBuildFile; fileRef = F1F4552A204244680010EF64 /* main.m */; };
		F1F45535204244680010EF64 /* TextFileldDelegateTestTests.m in Sources */ = {isa = PBXBuildFile; fileRef = F1F45534204244680010EF64 /* TextFileldDelegateTestTests.m */; };
		F1F45540204244680010EF64 /* TextFileldDelegateTestUITests.m in Sources */ = {isa = PBXBuildFile; fileRef = F1F4553F204244680010EF64 /* TextFileldDelegateTestUITests.m */; };
		F1F45550204244AE0010EF64 /* HDTextField.m in Sources */ = {isa = PBXBuildFile; fileRef = F1F4554F204244AE0010EF64 /* HDTextField.m */; };
/* End PBXBuildFile section */

/* Begin PBXContainerItemProxy section */
		F1F45531204244680010EF64 /* PBXContainerItemProxy */ = {
			isa = PBXContainerItemProxy;
			containerPortal = F1F45510204244680010EF64 /* Project object */;
			proxyType = 1;
			remoteGlobalIDString = F1F45517204244680010EF64;
			remoteInfo = TextFileldDelegateTest;
		};
		F1F4553C204244680010EF64 /* PBXContainerItemProxy */ = {
			isa = PBXContainerItemProxy;
			containerPortal = F1F45510204244680010EF64 /* Project object */;
			proxyType = 1;
			remoteGlobalIDString = F1F45517204244680010EF64;
			remoteInfo = TextFileldDelegateTest;
		};
/* End PBXContainerItemProxy section */

/* Begin PBXFileReference section */
		F1F45518204244680010EF64 /* TextFileldDelegateTest.app */ = {isa = PBXFileReference; explicitFileType = wrapper.application; includeInIndex = 0; path = TextFileldDelegateTest.app; sourceTree = BUILT_PRODUCTS_DIR; };
		F1F4551B204244680010EF64 /* AppDelegate.h */ = {isa = PBXFileReference; lastKnownFileType = sourcecode.c.h; path = AppDelegate.h; sourceTree = "<group>"; };
		F1F4551C204244680010EF64 /* AppDelegate.m */ = {isa = PBXFileReference; lastKnownFileType = sourcecode.c.objc; path = AppDelegate.m; sourceTree = "<group>"; };
		F1F4551E204244680010EF64 /* ViewController.h */ = {isa = PBXFileReference; lastKnownFileType = sourcecode.c.h; path = ViewController.h; sourceTree = "<group>"; };
		F1F4551F204244680010EF64 /* ViewController.m */ = {isa = PBXFileReference; lastKnownFileType = sourcecode.c.objc; path = ViewController.m; sourceTree = "<group>"; };
		F1F45522204244680010EF64 /* Base */ = {isa = PBXFileReference; lastKnownFileType = file.storyboard; name = Base; path = Base.lproj/Main.storyboard; sourceTree = "<group>"; };
		F1F45524204244680010EF64 /* Assets.xcassets */ = {isa = PBXFileReference; lastKnownFileType = folder.assetcatalog; path = Assets.xcassets; sourceTree = "<group>"; };
		F1F45527204244680010EF64 /* Base */ = {isa = PBXFileReference; lastKnownFileType = file.storyboard; name = Base; path = Base.lproj/LaunchScreen.storyboard; sourceTree = "<group>"; };
		F1F45529204244680010EF64 /* Info.plist */ = {isa = PBXFileReference; lastKnownFileType = text.plist.xml; path = Info.plist; sourceTree = "<group>"; };
		F1F4552A204244680010EF64 /* main.m */ = {isa = PBXFileReference; lastKnownFileType = sourcecode.c.objc; path = main.m; sourceTree = "<group>"; };
		F1F45530204244680010EF64 /* TextFileldDelegateTestTests.xctest */ = {isa = PBXFileReference; explicitFileType = wrapper.cfbundle; includeInIndex = 0; path = TextFileldDelegateTestTests.xctest; sourceTree = BUILT_PRODUCTS_DIR; };
		F1F45534204244680010EF64 /* TextFileldDelegateTestTests.m */ = {isa = PBXFileReference; lastKnownFileType = sourcecode.c.objc; path = TextFileldDelegateTestTests.m; sourceTree = "<group>"; };
		F1F45536204244680010EF64 /* Info.plist */ = {isa = PBXFileReference; lastKnownFileType = text.plist.xml; path = Info.plist; sourceTree = "<group>"; };
		F1F4553B204244680010EF64 /* TextFileldDelegateTestUITests.xctest */ = {isa = PBXFileReference; explicitFileType = wrapper.cfbundle; includeInIndex = 0; path = TextFileldDelegateTestUITests.xctest; sourceTree = BUILT_PRODUCTS_DIR; };
		F1F4553F204244680010EF64 /* TextFileldDelegateTestUITests.m */ = {isa = PBXFileReference; lastKnownFileType = sourcecode.c.objc; path = TextFileldDelegateTestUITests.m; sourceTree = "<group>"; };
		F1F45541204244680010EF64 /* Info.plist */ = {isa = PBXFileReference; lastKnownFileType = text.plist.xml; path = Info.plist; sourceTree = "<group>"; };
		F1F4554E204244AE0010EF64 /* HDTextField.h */ = {isa = PBXFileReference; lastKnownFileType = sourcecode.c.h; path = HDTextField.h; sourceTree = "<group>"; };
		F1F4554F204244AE0010EF64 /* HDTextField.m */ = {isa = PBXFileReference; lastKnownFileType = sourcecode.c.objc; path = HDTextField.m; sourceTree = "<group>"; };
/* End PBXFileReference section */

/* Begin PBXFrameworksBuildPhase section */
		F1F45515204244680010EF64 /* Frameworks */ = {
			isa = PBXFrameworksBuildPhase;
			buildActionMask = 2147483647;
			files = (
			);
			runOnlyForDeploymentPostprocessing = 0;
		};
		F1F4552D204244680010EF64 /* Frameworks */ = {
			isa = PBXFrameworksBuildPhase;
			buildActionMask = 2147483647;
			files = (
			);
			runOnlyForDeploymentPostprocessing = 0;
		};
		F1F45538204244680010EF64 /* Frameworks */ = {
			isa = PBXFrameworksBuildPhase;
			buildActionMask = 2147483647;
			files = (
			);
			runOnlyForDeploymentPostprocessing = 0;
		};
/* End PBXFrameworksBuildPhase section */

/* Begin PBXGroup section */
		F1F4550F204244680010EF64 = {
			isa = PBXGroup;
			children = (
				F1F4551A204244680010EF64 /* TextFileldDelegateTest */,
				F1F45533204244680010EF64 /* TextFileldDelegateTestTests */,
				F1F4553E204244680010EF64 /* TextFileldDelegateTestUITests */,
				F1F45519204244680010EF64 /* Products */,
			);
			sourceTree = "<group>";
		};
		F1F45519204244680010EF64 /* Products */ = {
			isa = PBXGroup;
			children = (
				F1F45518204244680010EF64 /* TextFileldDelegateTest.app */,
				F1F45530204244680010EF64 /* TextFileldDelegateTestTests.xctest */,
				F1F4553B204244680010EF64 /* TextFileldDelegateTestUITests.xctest */,
			);
			name = Products;
			sourceTree = "<group>";
		};
		F1F4551A204244680010EF64 /* TextFileldDelegateTest */ = {
			isa = PBXGroup;
			children = (
				F1F4554D2042449A0010EF64 /* textfield */,
				F1F4551B204244680010EF64 /* AppDelegate.h */,
				F1F4551C204244680010EF64 /* AppDelegate.m */,
				F1F4551E204244680010EF64 /* ViewController.h */,
				F1F4551F204244680010EF64 /* ViewController.m */,
				F1F45521204244680010EF64 /* Main.storyboard */,
				F1F45524204244680010EF64 /* Assets.xcassets */,
				F1F45526204244680010EF64 /* LaunchScreen.storyboard */,
				F1F45529204244680010EF64 /* Info.plist */,
				F1F4552A204244680010EF64 /* main.m */,
			);
			path = TextFileldDelegateTest;
			sourceTree = "<group>";
		};
		F1F45533204244680010EF64 /* TextFileldDelegateTestTests */ = {
			isa = PBXGroup;
			children = (
				F1F45534204244680010EF64 /* TextFileldDelegateTestTests.m */,
				F1F45536204244680010EF64 /* Info.plist */,
			);
			path = TextFileldDelegateTestTests;
			sourceTree = "<group>";
		};
		F1F4553E204244680010EF64 /* TextFileldDelegateTestUITests */ = {
			isa = PBXGroup;
			children = (
				F1F4553F204244680010EF64 /* TextFileldDelegateTestUITests.m */,
				F1F45541204244680010EF64 /* Info.plist */,
			);
			path = TextFileldDelegateTestUITests;
			sourceTree = "<group>";
		};
		F1F4554D2042449A0010EF64 /* textfield */ = {
			isa = PBXGroup;
			children = (
				F1F4554E204244AE0010EF64 /* HDTextField.h */,
				F1F4554F204244AE0010EF64 /* HDTextField.m */,
			);
			path = textfield;
			sourceTree = "<group>";
		};
/* End PBXGroup section */

/* Begin PBXNativeTarget section */
		F1F45517204244680010EF64 /* TextFileldDelegateTest */ = {
			isa = PBXNativeTarget;
			buildConfigurationList = F1F45544204244680010EF64 /* Build configuration list for PBXNativeTarget "TextFileldDelegateTest" */;
			buildPhases = (
				F1F45514204244680010EF64 /* Sources */,
				F1F45515204244680010EF64 /* Frameworks */,
				F1F45516204244680010EF64 /* Resources */,
			);
			buildRules = (
			);
			dependencies = (
			);
			name = TextFileldDelegateTest;
			productName = TextFileldDelegateTest;
			productReference = F1F45518204244680010EF64 /* TextFileldDelegateTest.app */;
			productType = "com.apple.product-type.application";
		};
		F1F4552F204244680010EF64 /* TextFileldDelegateTestTests */ = {
			isa = PBXNativeTarget;
			buildConfigurationList = F1F45547204244680010EF64 /* Build configuration list for PBXNativeTarget "TextFileldDelegateTestTests" */;
			buildPhases = (
				F1F4552C204244680010EF64 /* Sources */,
				F1F4552D204244680010EF64 /* Frameworks */,
				F1F4552E204244680010EF64 /* Resources */,
			);
			buildRules = (
			);
			dependencies = (
				F1F45532204244680010EF64 /* PBXTargetDependency */,
			);
			name = TextFileldDelegateTestTests;
			productName = TextFileldDelegateTestTests;
			productReference = F1F45530204244680010EF64 /* TextFileldDelegateTestTests.xctest */;
			productType = "com.apple.product-type.bundle.unit-test";
		};
		F1F4553A204244680010EF64 /* TextFileldDelegateTestUITests */ = {
			isa = PBXNativeTarget;
			buildConfigurationList = F1F4554A204244680010EF64 /* Build configuration list for PBXNativeTarget "TextFileldDelegateTestUITests" */;
			buildPhases = (
				F1F45537204244680010EF64 /* Sources */,
				F1F45538204244680010EF64 /* Frameworks */,
				F1F45539204244680010EF64 /* Resources */,
			);
			buildRules = (
			);
			dependencies = (
				F1F4553D204244680010EF64 /* PBXTargetDependency */,
			);
			name = TextFileldDelegateTestUITests;
			productName = TextFileldDelegateTestUITests;
			productReference = F1F4553B204244680010EF64 /* TextFileldDelegateTestUITests.xctest */;
			productType = "com.apple.product-type.bundle.ui-testing";
		};
/* End PBXNativeTarget section */

/* Begin PBXProject section */
		F1F45510204244680010EF64 /* Project object */ = {
			isa = PBXProject;
			attributes = {
				LastUpgradeCheck = 0920;
				ORGANIZATIONNAME = "郑华栋";
				TargetAttributes = {
					F1F45517204244680010EF64 = {
						CreatedOnToolsVersion = 9.2;
						ProvisioningStyle = Automatic;
					};
					F1F4552F204244680010EF64 = {
						CreatedOnToolsVersion = 9.2;
						ProvisioningStyle = Automatic;
						TestTargetID = F1F45517204244680010EF64;
					};
					F1F4553A204244680010EF64 = {
						CreatedOnToolsVersion = 9.2;
						ProvisioningStyle = Automatic;
						TestTargetID = F1F45517204244680010EF64;
					};
				};
			};
			buildConfigurationList = F1F45513204244680010EF64 /* Build configuration list for PBXProject "TextFileldDelegateTest" */;
			compatibilityVersion = "Xcode 8.0";
			developmentRegion = en;
			hasScannedForEncodings = 0;
			knownRegions = (
				en,
				Base,
			);
			mainGroup = F1F4550F204244680010EF64;
			productRefGroup = F1F45519204244680010EF64 /* Products */;
			projectDirPath = "";
			projectRoot = "";
			targets = (
				F1F45517204244680010EF64 /* TextFileldDelegateTest */,
				F1F4552F204244680010EF64 /* TextFileldDelegateTestTests */,
				F1F4553A204244680010EF64 /* TextFileldDelegateTestUITests */,
			);
		};
/* End PBXProject section */

/* Begin PBXResourcesBuildPhase section */
		F1F45516204244680010EF64 /* Resources */ = {
			isa = PBXResourcesBuildPhase;
			buildActionMask = 2147483647;
			files = (
				F1F45528204244680010EF64 /* LaunchScreen.storyboard in Resources */,
				F1F45525204244680010EF64 /* Assets.xcassets in Resources */,
				F1F45523204244680010EF64 /* Main.storyboard in Resources */,
			);
			runOnlyForDeploymentPostprocessing = 0;
		};
		F1F4552E204244680010EF64 /* Resources */ = {
			isa = PBXResourcesBuildPhase;
			buildActionMask = 2147483647;
			files = (
			);
			runOnlyForDeploymentPostprocessing = 0;
		};
		F1F45539204244680010EF64 /* Resources */ = {
			isa = PBXResourcesBuildPhase;
			buildActionMask = 2147483647;
			files = (
			);
			runOnlyForDeploymentPostprocessing = 0;
		};
/* End PBXResourcesBuildPhase section */

/* Begin PBXSourcesBuildPhase section */
		F1F45514204244680010EF64 /* Sources */ = {
			isa = PBXSourcesBuildPhase;
			buildActionMask = 2147483647;
			files = (
				F1F45520204244680010EF64 /* ViewController.m in Sources */,
				F1F45550204244AE0010EF64 /* HDTextField.m in Sources */,
				F1F4552B204244680010EF64 /* main.m in Sources */,
				F1F4551D204244680010EF64 /* AppDelegate.m in Sources */,
			);
			runOnlyForDeploymentPostprocessing = 0;
		};
		F1F4552C204244680010EF64 /* Sources */ = {
			isa = PBXSourcesBuildPhase;
			buildActionMask = 2147483647;
			files = (
				F1F45535204244680010EF64 /* TextFileldDelegateTestTests.m in Sources */,
			);
			runOnlyForDeploymentPostprocessing = 0;
		};
		F1F45537204244680010EF64 /* Sources */ = {
			isa = PBXSourcesBuildPhase;
			buildActionMask = 2147483647;
			files = (
				F1F45540204244680010EF64 /* TextFileldDelegateTestUITests.m in Sources */,
			);
			runOnlyForDeploymentPostprocessing = 0;
		};
/* End PBXSourcesBuildPhase section */

/* Begin PBXTargetDependency section */
		F1F45532204244680010EF64 /* PBXTargetDependency */ = {
			isa = PBXTargetDependency;
			target = F1F45517204244680010EF64 /* TextFileldDelegateTest */;
			targetProxy = F1F45531204244680010EF64 /* PBXContainerItemProxy */;
		};
		F1F4553D204244680010EF64 /* PBXTargetDependency */ = {
			isa = PBXTargetDependency;
			target = F1F45517204244680010EF64 /* TextFileldDelegateTest */;
			targetProxy = F1F4553C204244680010EF64 /* PBXContainerItemProxy */;
		};
/* End PBXTargetDependency section */

/* Begin PBXVariantGroup section */
		F1F45521204244680010EF64 /* Main.storyboard */ = {
			isa = PBXVariantGroup;
			children = (
				F1F45522204244680010EF64 /* Base */,
			);
			name = Main.storyboard;
			sourceTree = "<group>";
		};
		F1F45526204244680010EF64 /* LaunchScreen.storyboard */ = {
			isa = PBXVariantGroup;
			children = (
				F1F45527204244680010EF64 /* Base */,
			);
			name = LaunchScreen.storyboard;
			sourceTree = "<group>";
		};
/* End PBXVariantGroup section */

/* Begin XCBuildConfiguration section */
		F1F45542204244680010EF64 /* Debug */ = {
			isa = XCBuildConfiguration;
			buildSettings = {
				ALWAYS_SEARCH_USER_PATHS = NO;
				CLANG_ANALYZER_NONNULL = YES;
				CLANG_ANALYZER_NUMBER_OBJECT_CONVERSION = YES_AGGRESSIVE;
				CLANG_CXX_LANGUAGE_STANDARD = "gnu++14";
				CLANG_CXX_LIBRARY = "libc++";
				CLANG_ENABLE_MODULES = YES;
				CLANG_ENABLE_OBJC_ARC = YES;
				CLANG_WARN_BLOCK_CAPTURE_AUTORELEASING = YES;
				CLANG_WARN_BOOL_CONVERSION = YES;
				CLANG_WARN_COMMA = YES;
				CLANG_WARN_CONSTANT_CONVERSION = YES;
				CLANG_WARN_DIRECT_OBJC_ISA_USAGE = YES_ERROR;
				CLANG_WARN_DOCUMENTATION_COMMENTS = YES;
				CLANG_WARN_EMPTY_BODY = YES;
				CLANG_WARN_ENUM_CONVERSION = YES;
				CLANG_WARN_INFINITE_RECURSION = YES;
				CLANG_WARN_INT_CONVERSION = YES;
				CLANG_WARN_NON_LITERAL_NULL_CONVERSION = YES;
				CLANG_WARN_OBJC_LITERAL_CONVERSION = YES;
				CLANG_WARN_OBJC_ROOT_CLASS = YES_ERROR;
				CLANG_WARN_RANGE_LOOP_ANALYSIS = YES;
				CLANG_WARN_STRICT_PROTOTYPES = YES;
				CLANG_WARN_SUSPICIOUS_MOVE = YES;
				CLANG_WARN_UNGUARDED_AVAILABILITY = YES_AGGRESSIVE;
				CLANG_WARN_UNREACHABLE_CODE = YES;
				CLANG_WARN__DUPLICATE_METHOD_MATCH = YES;
				CODE_SIGN_IDENTITY = "iPhone Developer";
				COPY_PHASE_STRIP = NO;
				DEBUG_INFORMATION_FORMAT = dwarf;
				ENABLE_STRICT_OBJC_MSGSEND = YES;
				ENABLE_TESTABILITY = YES;
				GCC_C_LANGUAGE_STANDARD = gnu11;
				GCC_DYNAMIC_NO_PIC = NO;
				GCC_NO_COMMON_BLOCKS = YES;
				GCC_OPTIMIZATION_LEVEL = 0;
				GCC_PREPROCESSOR_DEFINITIONS = (
					"DEBUG=1",
					"$(inherited)",
				);
				GCC_WARN_64_TO_32_BIT_CONVERSION = YES;
				GCC_WARN_ABOUT_RETURN_TYPE = YES_ERROR;
				GCC_WARN_UNDECLARED_SELECTOR = YES;
				GCC_WARN_UNINITIALIZED_AUTOS = YES_AGGRESSIVE;
				GCC_WARN_UNUSED_FUNCTION = YES;
				GCC_WARN_UNUSED_VARIABLE = YES;
				IPHONEOS_DEPLOYMENT_TARGET = 11.2;
				MTL_ENABLE_DEBUG_INFO = YES;
				ONLY_ACTIVE_ARCH = YES;
				SDKROOT = iphoneos;
			};
			name = Debug;
		};
		F1F45543204244680010EF64 /* Release */ = {
			isa = XCBuildConfiguration;
			buildSettings = {
				ALWAYS_SEARCH_USER_PATHS = NO;
				CLANG_ANALYZER_NONNULL = YES;
				CLANG_ANALYZER_NUMBER_OBJECT_CONVERSION = YES_AGGRESSIVE;
				CLANG_CXX_LANGUAGE_STANDARD = "gnu++14";
				CLANG_CXX_LIBRARY = "libc++";
				CLANG_ENABLE_MODULES = YES;
				CLANG_ENABLE_OBJC_ARC = YES;
				CLANG_WARN_BLOCK_CAPTURE_AUTORELEASING = YES;
				CLANG_WARN_BOOL_CONVERSION = YES;
				CLANG_WARN_COMMA = YES;
				CLANG_WARN_CONSTANT_CONVERSION = YES;
				CLANG_WARN_DIRECT_OBJC_ISA_USAGE = YES_ERROR;
				CLANG_WARN_DOCUMENTATION_COMMENTS = YES;
				CLANG_WARN_EMPTY_BODY = YES;
				CLANG_WARN_ENUM_CONVERSION = YES;
				CLANG_WARN_INFINITE_RECURSION = YES;
				CLANG_WARN_INT_CONVERSION = YES;
				CLANG_WARN_NON_LITERAL_NULL_CONVERSION = YES;
				CLANG_WARN_OBJC_LITERAL_CONVERSION = YES;
				CLANG_WARN_OBJC_ROOT_CLASS = YES_ERROR;
				CLANG_WARN_RANGE_LOOP_ANALYSIS = YES;
				CLANG_WARN_STRICT_PROTOTYPES = YES;
				CLANG_WARN_SUSPICIOUS_MOVE = YES;
				CLANG_WARN_UNGUARDED_AVAILABILITY = YES_AGGRESSIVE;
				CLANG_WARN_UNREACHABLE_CODE = YES;
				CLANG_WARN__DUPLICATE_METHOD_MATCH = YES;
				CODE_SIGN_IDENTITY = "iPhone Developer";
				COPY_PHASE_STRIP = NO;
				DEBUG_INFORMATION_FORMAT = "dwarf-with-dsym";
				ENABLE_NS_ASSERTIONS = NO;
				ENABLE_STRICT_OBJC_MSGSEND = YES;
				GCC_C_LANGUAGE_STANDARD = gnu11;
				GCC_NO_COMMON_BLOCKS = YES;
				GCC_WARN_64_TO_32_BIT_CONVERSION = YES;
				GCC_WARN_ABOUT_RETURN_TYPE = YES_ERROR;
				GCC_WARN_UNDECLARED_SELECTOR = YES;
				GCC_WARN_UNINITIALIZED_AUTOS = YES_AGGRESSIVE;
				GCC_WARN_UNUSED_FUNCTION = YES;
				GCC_WARN_UNUSED_VARIABLE = YES;
				IPHONEOS_DEPLOYMENT_TARGET = 11.2;
				MTL_ENABLE_DEBUG_INFO = NO;
				SDKROOT = iphoneos;
				VALIDATE_PRODUCT = YES;
			};
			name = Release;
		};
		F1F45545204244680010EF64 /* Debug */ = {
			isa = XCBuildConfiguration;
			buildSettings = {
				ASSETCATALOG_COMPILER_APPICON_NAME = AppIcon;
				CODE_SIGN_STYLE = Automatic;
				DEVELOPMENT_TEAM = "";
				INFOPLIST_FILE = TextFileldDelegateTest/Info.plist;
				LD_RUNPATH_SEARCH_PATHS = "$(inherited) @executable_path/Frameworks";
				PRODUCT_BUNDLE_IDENTIFIER = com.zhd.TextFileldDelegateTest;
				PRODUCT_NAME = "$(TARGET_NAME)";
				TARGETED_DEVICE_FAMILY = "1,2";
			};
			name = Debug;
		};
		F1F45546204244680010EF64 /* Release */ = {
			isa = XCBuildConfiguration;
			buildSettings = {
				ASSETCATALOG_COMPILER_APPICON_NAME = AppIcon;
				CODE_SIGN_STYLE = Automatic;
				DEVELOPMENT_TEAM = "";
				INFOPLIST_FILE = TextFileldDelegateTest/Info.plist;
				LD_RUNPATH_SEARCH_PATHS = "$(inherited) @executable_path/Frameworks";
				PRODUCT_BUNDLE_IDENTIFIER = com.zhd.TextFileldDelegateTest;
				PRODUCT_NAME = "$(TARGET_NAME)";
				TARGETED_DEVICE_FAMILY = "1,2";
			};
			name = Release;
		};
		F1F45548204244680010EF64 /* Debug */ = {
			isa = XCBuildConfiguration;
			buildSettings = {
				BUNDLE_LOADER = "$(TEST_HOST)";
				CODE_SIGN_STYLE = Automatic;
				DEVELOPMENT_TEAM = 6J5PB96A9M;
				INFOPLIST_FILE = TextFileldDelegateTestTests/Info.plist;
				LD_RUNPATH_SEARCH_PATHS = "$(inherited) @executable_path/Frameworks @loader_path/Frameworks";
				PRODUCT_BUNDLE_IDENTIFIER = com.zhd.TextFileldDelegateTestTests;
				PRODUCT_NAME = "$(TARGET_NAME)";
				TARGETED_DEVICE_FAMILY = "1,2";
				TEST_HOST = "$(BUILT_PRODUCTS_DIR)/TextFileldDelegateTest.app/TextFileldDelegateTest";
			};
			name = Debug;
		};
		F1F45549204244680010EF64 /* Release */ = {
			isa = XCBuildConfiguration;
			buildSettings = {
				BUNDLE_LOADER = "$(TEST_HOST)";
				CODE_SIGN_STYLE = Automatic;
				DEVELOPMENT_TEAM = 6J5PB96A9M;
				INFOPLIST_FILE = TextFileldDelegateTestTests/Info.plist;
				LD_RUNPATH_SEARCH_PATHS = "$(inherited) @executable_path/Frameworks @loader_path/Frameworks";
				PRODUCT_BUNDLE_IDENTIFIER = com.zhd.TextFileldDelegateTestTests;
				PRODUCT_NAME = "$(TARGET_NAME)";
				TARGETED_DEVICE_FAMILY = "1,2";
				TEST_HOST = "$(BUILT_PRODUCTS_DIR)/TextFileldDelegateTest.app/TextFileldDelegateTest";
			};
			name = Release;
		};
		F1F4554B204244680010EF64 /* Debug */ = {
			isa = XCBuildConfiguration;
			buildSettings = {
				CODE_SIGN_STYLE = Automatic;
				DEVELOPMENT_TEAM = 6J5PB96A9M;
				INFOPLIST_FILE = TextFileldDelegateTestUITests/Info.plist;
				LD_RUNPATH_SEARCH_PATHS = "$(inherited) @executable_path/Frameworks @loader_path/Frameworks";
				PRODUCT_BUNDLE_IDENTIFIER = com.zhd.TextFileldDelegateTestUITests;
				PRODUCT_NAME = "$(TARGET_NAME)";
				TARGETED_DEVICE_FAMILY = "1,2";
				TEST_TARGET_NAME = TextFileldDelegateTest;
			};
			name = Debug;
		};
		F1F4554C204244680010EF64 /* Release */ = {
			isa = XCBuildConfiguration;
			buildSettings = {
				CODE_SIGN_STYLE = Automatic;
				DEVELOPMENT_TEAM = 6J5PB96A9M;
				INFOPLIST_FILE = TextFileldDelegateTestUITests/Info.plist;
				LD_RUNPATH_SEARCH_PATHS = "$(inherited) @executable_path/Frameworks @loader_path/Frameworks";
				PRODUCT_BUNDLE_IDENTIFIER = com.zhd.TextFileldDelegateTestUITests;
				PRODUCT_NAME = "$(TARGET_NAME)";
				TARGETED_DEVICE_FAMILY = "1,2";
				TEST_TARGET_NAME = TextFileldDelegateTest;
			};
			name = Release;
		};
/* End XCBuildConfiguration section */

/* Begin XCConfigurationList section */
		F1F45513204244680010EF64 /* Build configuration list for PBXProject "TextFileldDelegateTest" */ = {
			isa = XCConfigurationList;
			buildConfigurations = (
				F1F45542204244680010EF64 /* Debug */,
				F1F45543204244680010EF64 /* Release */,
			);
			defaultConfigurationIsVisible = 0;
			defaultConfigurationName = Release;
		};
		F1F45544204244680010EF64 /* Build configuration list for PBXNativeTarget "TextFileldDelegateTest" */ = {
			isa = XCConfigurationList;
			buildConfigurations = (
				F1F45545204244680010EF64 /* Debug */,
				F1F45546204244680010EF64 /* Release */,
			);
			defaultConfigurationIsVisible = 0;
			defaultConfigurationName = Release;
		};
		F1F45547204244680010EF64 /* Build configuration list for PBXNativeTarget "TextFileldDelegateTestTests" */ = {
			isa = XCConfigurationList;
			buildConfigurations = (
				F1F45548204244680010EF64 /* Debug */,
				F1F45549204244680010EF64 /* Release */,
			);
			defaultConfigurationIsVisible = 0;
			defaultConfigurationName = Release;
		};
		F1F4554A204244680010EF64 /* Build configuration list for PBXNativeTarget "TextFileldDelegateTestUITests" */ = {
			isa = XCConfigurationList;
			buildConfigurations = (
				F1F4554B204244680010EF64 /* Debug */,
				F1F4554C204244680010EF64 /* Release */,
			);
			defaultConfigurationIsVisible = 0;
			defaultConfigurationName = Release;
		};
/* End XCConfigurationList section */
	};
	rootObject = F1F45510204244680010EF64 /* Project object */;
}
